<?xml version="1.0" encoding="UTF-8"?>
<CodeBlocks_project_file>
	<FileVersion major="1" minor="6"/>
	<Project>
		<Option title="pgm"/>
		<Option makefile_is_custom="1"/>
		<Option compiler="gcc"/>
		<Option virtualFolders="CMake Files\;CMake Files\..\;CMake Files\..\..\;CMake Files\..\..\..\;CMake Files\..\..\..\..\;CMake Files\..\..\..\..\..\;CMake Files\..\..\..\..\..\..\;CMake Files\..\..\..\..\..\..\usr\;CMake Files\..\..\..\..\..\..\usr\lib\;CMake Files\..\..\..\..\..\..\usr\lib\x86_64-linux-gnu\;CMake Files\..\..\..\..\..\..\usr\lib\x86_64-linux-gnu\cmake\;CMake Files\..\..\..\..\..\..\usr\lib\x86_64-linux-gnu\cmake\glfw3\;"/>
		<Build>
			<Target title="all">
				<Option working_dir="/home/jc/Documents/INF443/Project/The_Human_and_the_Bird"/>
				<Option type="4"/>
				<MakeCommands>
					<Build command="/usr/bin/make -j8 -f &quot;/home/jc/Documents/INF443/Project/The_Human_and_the_Bird/Makefile&quot;  VERBOSE=1 all"/>
					<CompileFile command="/usr/bin/make -j8 -f &quot;/home/jc/Documents/INF443/Project/The_Human_and_the_Bird/Makefile&quot;  VERBOSE=1 &quot;$file&quot;"/>
					<Clean command="/usr/bin/make -j8 -f &quot;/home/jc/Documents/INF443/Project/The_Human_and_the_Bird/Makefile&quot;  VERBOSE=1 clean"/>
					<DistClean command="/usr/bin/make -j8 -f &quot;/home/jc/Documents/INF443/Project/The_Human_and_the_Bird/Makefile&quot;  VERBOSE=1 clean"/>
				</MakeCommands>
			</Target>
			<Target title="rebuild_cache">
				<Option working_dir="/home/jc/Documents/INF443/Project/The_Human_and_the_Bird"/>
				<Option type="4"/>
				<MakeCommands>
					<Build command="/usr/bin/make -j8 -f &quot;/home/jc/Documents/INF443/Project/The_Human_and_the_Bird/Makefile&quot;  VERBOSE=1 rebuild_cache"/>
					<CompileFile command="/usr/bin/make -j8 -f &quot;/home/jc/Documents/INF443/Project/The_Human_and_the_Bird/Makefile&quot;  VERBOSE=1 &quot;$file&quot;"/>
					<Clean command="/usr/bin/make -j8 -f &quot;/home/jc/Documents/INF443/Project/The_Human_and_the_Bird/Makefile&quot;  VERBOSE=1 clean"/>
					<DistClean command="/usr/bin/make -j8 -f &quot;/home/jc/Documents/INF443/Project/The_Human_and_the_Bird/Makefile&quot;  VERBOSE=1 clean"/>
				</MakeCommands>
			</Target>
			<Target title="pgm">
				<Option output="/home/jc/Documents/INF443/Project/The_Human_and_the_Bird/pgm" prefix_auto="0" extension_auto="0"/>
				<Option working_dir="/home/jc/Documents/INF443/Project/The_Human_and_the_Bird"/>
				<Option object_output="./"/>
				<Option type="1"/>
				<Option compiler="gcc"/>
				<Compiler>
					<Add option="-DIMGUI_IMPL_OPENGL_LOADER_GLAD"/>
					<Add option="-DGLFW_DLL"/>
					<Add directory="/home/jc/Documents/INF443/Project/The_Human_and_the_Bird/."/>
					<Add directory="/home/jc/Documents/INF443/Project/The_Human_and_the_Bird/third_party/eigen"/>
					<Add directory="/usr/include/c++/7"/>
					<Add directory="/usr/include/x86_64-linux-gnu/c++/7"/>
					<Add directory="/usr/include/c++/7/backward"/>
					<Add directory="/usr/lib/gcc/x86_64-linux-gnu/7/include"/>
					<Add directory="/usr/local/include"/>
					<Add directory="/usr/lib/gcc/x86_64-linux-gnu/7/include-fixed"/>
					<Add directory="/usr/include/x86_64-linux-gnu"/>
					<Add directory="/usr/include"/>
				</Compiler>
				<MakeCommands>
					<Build command="/usr/bin/make -j8 -f &quot;/home/jc/Documents/INF443/Project/The_Human_and_the_Bird/Makefile&quot;  VERBOSE=1 pgm"/>
					<CompileFile command="/usr/bin/make -j8 -f &quot;/home/jc/Documents/INF443/Project/The_Human_and_the_Bird/Makefile&quot;  VERBOSE=1 &quot;$file&quot;"/>
					<Clean command="/usr/bin/make -j8 -f &quot;/home/jc/Documents/INF443/Project/The_Human_and_the_Bird/Makefile&quot;  VERBOSE=1 clean"/>
					<DistClean command="/usr/bin/make -j8 -f &quot;/home/jc/Documents/INF443/Project/The_Human_and_the_Bird/Makefile&quot;  VERBOSE=1 clean"/>
				</MakeCommands>
			</Target>
			<Target title="pgm/fast">
				<Option output="/home/jc/Documents/INF443/Project/The_Human_and_the_Bird/pgm" prefix_auto="0" extension_auto="0"/>
				<Option working_dir="/home/jc/Documents/INF443/Project/The_Human_and_the_Bird"/>
				<Option object_output="./"/>
				<Option type="1"/>
				<Option compiler="gcc"/>
				<Compiler>
					<Add option="-DIMGUI_IMPL_OPENGL_LOADER_GLAD"/>
					<Add option="-DGLFW_DLL"/>
					<Add directory="/home/jc/Documents/INF443/Project/The_Human_and_the_Bird/."/>
					<Add directory="/home/jc/Documents/INF443/Project/The_Human_and_the_Bird/third_party/eigen"/>
					<Add directory="/usr/include/c++/7"/>
					<Add directory="/usr/include/x86_64-linux-gnu/c++/7"/>
					<Add directory="/usr/include/c++/7/backward"/>
					<Add directory="/usr/lib/gcc/x86_64-linux-gnu/7/include"/>
					<Add directory="/usr/local/include"/>
					<Add directory="/usr/lib/gcc/x86_64-linux-gnu/7/include-fixed"/>
					<Add directory="/usr/include/x86_64-linux-gnu"/>
					<Add directory="/usr/include"/>
				</Compiler>
				<MakeCommands>
					<Build command="/usr/bin/make -j8 -f &quot;/home/jc/Documents/INF443/Project/The_Human_and_the_Bird/Makefile&quot;  VERBOSE=1 pgm/fast"/>
					<CompileFile command="/usr/bin/make -j8 -f &quot;/home/jc/Documents/INF443/Project/The_Human_and_the_Bird/Makefile&quot;  VERBOSE=1 &quot;$file&quot;"/>
					<Clean command="/usr/bin/make -j8 -f &quot;/home/jc/Documents/INF443/Project/The_Human_and_the_Bird/Makefile&quot;  VERBOSE=1 clean"/>
					<DistClean command="/usr/bin/make -j8 -f &quot;/home/jc/Documents/INF443/Project/The_Human_and_the_Bird/Makefile&quot;  VERBOSE=1 clean"/>
				</MakeCommands>
			</Target>
			<Target title="edit_cache">
				<Option working_dir="/home/jc/Documents/INF443/Project/The_Human_and_the_Bird"/>
				<Option type="4"/>
				<MakeCommands>
					<Build command="/usr/bin/make -j8 -f &quot;/home/jc/Documents/INF443/Project/The_Human_and_the_Bird/Makefile&quot;  VERBOSE=1 edit_cache"/>
					<CompileFile command="/usr/bin/make -j8 -f &quot;/home/jc/Documents/INF443/Project/The_Human_and_the_Bird/Makefile&quot;  VERBOSE=1 &quot;$file&quot;"/>
					<Clean command="/usr/bin/make -j8 -f &quot;/home/jc/Documents/INF443/Project/The_Human_and_the_Bird/Makefile&quot;  VERBOSE=1 clean"/>
					<DistClean command="/usr/bin/make -j8 -f &quot;/home/jc/Documents/INF443/Project/The_Human_and_the_Bird/Makefile&quot;  VERBOSE=1 clean"/>
				</MakeCommands>
			</Target>
		</Build>
		<Unit filename="/home/jc/Documents/INF443/Project/The_Human_and_the_Bird/main/helper_scene/helper_scene.cpp">
			<Option target="pgm"/>
		</Unit>
		<Unit filename="/home/jc/Documents/INF443/Project/The_Human_and_the_Bird/main/helper_scene/helper_scene.hpp">
			<Option target="pgm"/>
		</Unit>
		<Unit filename="/home/jc/Documents/INF443/Project/The_Human_and_the_Bird/main/main.cpp">
			<Option target="pgm"/>
		</Unit>
		<Unit filename="/home/jc/Documents/INF443/Project/The_Human_and_the_Bird/main/scene_base/base.cpp">
			<Option target="pgm"/>
		</Unit>
		<Unit filename="/home/jc/Documents/INF443/Project/The_Human_and_the_Bird/main/scene_base/base.hpp">
			<Option target="pgm"/>
		</Unit>
		<Unit filename="/home/jc/Documents/INF443/Project/The_Human_and_the_Bird/scenes/3D_graphics/00_default/default.cpp">
			<Option target="pgm"/>
		</Unit>
		<Unit filename="/home/jc/Documents/INF443/Project/The_Human_and_the_Bird/scenes/3D_graphics/00_default/default.hpp">
			<Option target="pgm"/>
		</Unit>
		<Unit filename="/home/jc/Documents/INF443/Project/The_Human_and_the_Bird/scenes/3D_graphics/01_modeling/bench_hierarchy.cpp">
			<Option target="pgm"/>
		</Unit>
		<Unit filename="/home/jc/Documents/INF443/Project/The_Human_and_the_Bird/scenes/3D_graphics/01_modeling/bench_hierarchy.hpp">
			<Option target="pgm"/>
		</Unit>
		<Unit filename="/home/jc/Documents/INF443/Project/The_Human_and_the_Bird/scenes/3D_graphics/01_modeling/modeling.cpp">
			<Option target="pgm"/>
		</Unit>
		<Unit filename="/home/jc/Documents/INF443/Project/The_Human_and_the_Bird/scenes/3D_graphics/01_modeling/modeling.hpp">
			<Option target="pgm"/>
		</Unit>
		<Unit filename="/home/jc/Documents/INF443/Project/The_Human_and_the_Bird/scenes/3D_graphics/01_modeling/tree_modeling.cpp">
			<Option target="pgm"/>
		</Unit>
		<Unit filename="/home/jc/Documents/INF443/Project/The_Human_and_the_Bird/scenes/3D_graphics/01_modeling/tree_modeling.hpp">
			<Option target="pgm"/>
		</Unit>
		<Unit filename="/home/jc/Documents/INF443/Project/The_Human_and_the_Bird/scenes/3D_graphics/02_texture/example_billboard.cpp">
			<Option target="pgm"/>
		</Unit>
		<Unit filename="/home/jc/Documents/INF443/Project/The_Human_and_the_Bird/scenes/3D_graphics/02_texture/example_billboard.hpp">
			<Option target="pgm"/>
		</Unit>
		<Unit filename="/home/jc/Documents/INF443/Project/The_Human_and_the_Bird/scenes/3D_graphics/02_texture/example_perlin.cpp">
			<Option target="pgm"/>
		</Unit>
		<Unit filename="/home/jc/Documents/INF443/Project/The_Human_and_the_Bird/scenes/3D_graphics/02_texture/example_perlin.hpp">
			<Option target="pgm"/>
		</Unit>
		<Unit filename="/home/jc/Documents/INF443/Project/The_Human_and_the_Bird/scenes/3D_graphics/02_texture/example_texture.cpp">
			<Option target="pgm"/>
		</Unit>
		<Unit filename="/home/jc/Documents/INF443/Project/The_Human_and_the_Bird/scenes/3D_graphics/02_texture/example_texture.hpp">
			<Option target="pgm"/>
		</Unit>
		<Unit filename="/home/jc/Documents/INF443/Project/The_Human_and_the_Bird/scenes/3D_graphics/03_animation/articulated_hierarchy.cpp">
			<Option target="pgm"/>
		</Unit>
		<Unit filename="/home/jc/Documents/INF443/Project/The_Human_and_the_Bird/scenes/3D_graphics/03_animation/articulated_hierarchy.hpp">
			<Option target="pgm"/>
		</Unit>
		<Unit filename="/home/jc/Documents/INF443/Project/The_Human_and_the_Bird/scenes/3D_graphics/03_animation/interpolation_position.cpp">
			<Option target="pgm"/>
		</Unit>
		<Unit filename="/home/jc/Documents/INF443/Project/The_Human_and_the_Bird/scenes/3D_graphics/03_animation/interpolation_position.hpp">
			<Option target="pgm"/>
		</Unit>
		<Unit filename="/home/jc/Documents/INF443/Project/The_Human_and_the_Bird/scenes/3D_graphics/04_simulation/example_mass_spring.cpp">
			<Option target="pgm"/>
		</Unit>
		<Unit filename="/home/jc/Documents/INF443/Project/The_Human_and_the_Bird/scenes/3D_graphics/04_simulation/example_mass_spring.hpp">
			<Option target="pgm"/>
		</Unit>
		<Unit filename="/home/jc/Documents/INF443/Project/The_Human_and_the_Bird/scenes/3D_graphics/04_simulation/example_sphere_gravity.cpp">
			<Option target="pgm"/>
		</Unit>
		<Unit filename="/home/jc/Documents/INF443/Project/The_Human_and_the_Bird/scenes/3D_graphics/04_simulation/example_sphere_gravity.hpp">
			<Option target="pgm"/>
		</Unit>
		<Unit filename="/home/jc/Documents/INF443/Project/The_Human_and_the_Bird/scenes/3D_graphics/05_final_scene/bench_hierarchy.cpp">
			<Option target="pgm"/>
		</Unit>
		<Unit filename="/home/jc/Documents/INF443/Project/The_Human_and_the_Bird/scenes/3D_graphics/05_final_scene/bird_hierarchy.cpp">
			<Option target="pgm"/>
		</Unit>
		<Unit filename="/home/jc/Documents/INF443/Project/The_Human_and_the_Bird/scenes/3D_graphics/05_final_scene/final_scene.cpp">
			<Option target="pgm"/>
		</Unit>
		<Unit filename="/home/jc/Documents/INF443/Project/The_Human_and_the_Bird/scenes/3D_graphics/05_final_scene/final_scene.hpp">
			<Option target="pgm"/>
		</Unit>
		<Unit filename="/home/jc/Documents/INF443/Project/The_Human_and_the_Bird/scenes/3D_graphics/05_final_scene/human_hierarchy.cpp">
			<Option target="pgm"/>
		</Unit>
		<Unit filename="/home/jc/Documents/INF443/Project/The_Human_and_the_Bird/scenes/3D_graphics/05_final_scene/interpolation_functions.cpp">
			<Option target="pgm"/>
		</Unit>
		<Unit filename="/home/jc/Documents/INF443/Project/The_Human_and_the_Bird/scenes/3D_graphics/05_final_scene/terrain_functions.cpp">
			<Option target="pgm"/>
		</Unit>
		<Unit filename="/home/jc/Documents/INF443/Project/The_Human_and_the_Bird/scenes/3D_graphics/05_final_scene/tree_modeling_functions.cpp">
			<Option target="pgm"/>
		</Unit>
		<Unit filename="/home/jc/Documents/INF443/Project/The_Human_and_the_Bird/scenes/current_scene.hpp">
			<Option target="pgm"/>
		</Unit>
		<Unit filename="/home/jc/Documents/INF443/Project/The_Human_and_the_Bird/scenes/scenes.hpp">
			<Option target="pgm"/>
		</Unit>
		<Unit filename="/home/jc/Documents/INF443/Project/The_Human_and_the_Bird/scenes/shared_assets/shaders/curve/shader.frag.glsl">
			<Option target="pgm"/>
		</Unit>
		<Unit filename="/home/jc/Documents/INF443/Project/The_Human_and_the_Bird/scenes/shared_assets/shaders/curve/shader.vert.glsl">
			<Option target="pgm"/>
		</Unit>
		<Unit filename="/home/jc/Documents/INF443/Project/The_Human_and_the_Bird/scenes/shared_assets/shaders/mesh/shader.frag.glsl">
			<Option target="pgm"/>
		</Unit>
		<Unit filename="/home/jc/Documents/INF443/Project/The_Human_and_the_Bird/scenes/shared_assets/shaders/mesh/shader.vert.glsl">
			<Option target="pgm"/>
		</Unit>
		<Unit filename="/home/jc/Documents/INF443/Project/The_Human_and_the_Bird/scenes/shared_assets/shaders/mesh_back_illumination/mesh.frag.glsl">
			<Option target="pgm"/>
		</Unit>
		<Unit filename="/home/jc/Documents/INF443/Project/The_Human_and_the_Bird/scenes/shared_assets/shaders/mesh_back_illumination/mesh.vert.glsl">
			<Option target="pgm"/>
		</Unit>
		<Unit filename="/home/jc/Documents/INF443/Project/The_Human_and_the_Bird/scenes/shared_assets/shaders/normals/shader.frag.glsl">
			<Option target="pgm"/>
		</Unit>
		<Unit filename="/home/jc/Documents/INF443/Project/The_Human_and_the_Bird/scenes/shared_assets/shaders/normals/shader.geom.glsl">
			<Option target="pgm"/>
		</Unit>
		<Unit filename="/home/jc/Documents/INF443/Project/The_Human_and_the_Bird/scenes/shared_assets/shaders/normals/shader.vert.glsl">
			<Option target="pgm"/>
		</Unit>
		<Unit filename="/home/jc/Documents/INF443/Project/The_Human_and_the_Bird/scenes/shared_assets/shaders/segment_immediate_mode/shader.frag.glsl">
			<Option target="pgm"/>
		</Unit>
		<Unit filename="/home/jc/Documents/INF443/Project/The_Human_and_the_Bird/scenes/shared_assets/shaders/segment_immediate_mode/shader.vert.glsl">
			<Option target="pgm"/>
		</Unit>
		<Unit filename="/home/jc/Documents/INF443/Project/The_Human_and_the_Bird/scenes/shared_assets/shaders/wireframe/shader.frag.glsl">
			<Option target="pgm"/>
		</Unit>
		<Unit filename="/home/jc/Documents/INF443/Project/The_Human_and_the_Bird/scenes/shared_assets/shaders/wireframe/shader.geom.glsl">
			<Option target="pgm"/>
		</Unit>
		<Unit filename="/home/jc/Documents/INF443/Project/The_Human_and_the_Bird/scenes/shared_assets/shaders/wireframe/shader.vert.glsl">
			<Option target="pgm"/>
		</Unit>
		<Unit filename="/home/jc/Documents/INF443/Project/The_Human_and_the_Bird/scenes/shared_assets/shaders/wireframe_quads/shader.frag.glsl">
			<Option target="pgm"/>
		</Unit>
		<Unit filename="/home/jc/Documents/INF443/Project/The_Human_and_the_Bird/scenes/shared_assets/shaders/wireframe_quads/shader.geom.glsl">
			<Option target="pgm"/>
		</Unit>
		<Unit filename="/home/jc/Documents/INF443/Project/The_Human_and_the_Bird/scenes/shared_assets/shaders/wireframe_quads/shader.vert.glsl">
			<Option target="pgm"/>
		</Unit>
		<Unit filename="/home/jc/Documents/INF443/Project/The_Human_and_the_Bird/third_party/eigen/Eigen/src/Cholesky/LDLT.h">
			<Option target="pgm"/>
		</Unit>
		<Unit filename="/home/jc/Documents/INF443/Project/The_Human_and_the_Bird/third_party/eigen/Eigen/src/Cholesky/LLT.h">
			<Option target="pgm"/>
		</Unit>
		<Unit filename="/home/jc/Documents/INF443/Project/The_Human_and_the_Bird/third_party/eigen/Eigen/src/Cholesky/LLT_LAPACKE.h">
			<Option target="pgm"/>
		</Unit>
		<Unit filename="/home/jc/Documents/INF443/Project/The_Human_and_the_Bird/third_party/eigen/Eigen/src/CholmodSupport/CholmodSupport.h">
			<Option target="pgm"/>
		</Unit>
		<Unit filename="/home/jc/Documents/INF443/Project/The_Human_and_the_Bird/third_party/eigen/Eigen/src/Core/Array.h">
			<Option target="pgm"/>
		</Unit>
		<Unit filename="/home/jc/Documents/INF443/Project/The_Human_and_the_Bird/third_party/eigen/Eigen/src/Core/ArrayBase.h">
			<Option target="pgm"/>
		</Unit>
		<Unit filename="/home/jc/Documents/INF443/Project/The_Human_and_the_Bird/third_party/eigen/Eigen/src/Core/ArrayWrapper.h">
			<Option target="pgm"/>
		</Unit>
		<Unit filename="/home/jc/Documents/INF443/Project/The_Human_and_the_Bird/third_party/eigen/Eigen/src/Core/Assign.h">
			<Option target="pgm"/>
		</Unit>
		<Unit filename="/home/jc/Documents/INF443/Project/The_Human_and_the_Bird/third_party/eigen/Eigen/src/Core/AssignEvaluator.h">
			<Option target="pgm"/>
		</Unit>
		<Unit filename="/home/jc/Documents/INF443/Project/The_Human_and_the_Bird/third_party/eigen/Eigen/src/Core/Assign_MKL.h">
			<Option target="pgm"/>
		</Unit>
		<Unit filename="/home/jc/Documents/INF443/Project/The_Human_and_the_Bird/third_party/eigen/Eigen/src/Core/BandMatrix.h">
			<Option target="pgm"/>
		</Unit>
		<Unit filename="/home/jc/Documents/INF443/Project/The_Human_and_the_Bird/third_party/eigen/Eigen/src/Core/Block.h">
			<Option target="pgm"/>
		</Unit>
		<Unit filename="/home/jc/Documents/INF443/Project/The_Human_and_the_Bird/third_party/eigen/Eigen/src/Core/BooleanRedux.h">
			<Option target="pgm"/>
		</Unit>
		<Unit filename="/home/jc/Documents/INF443/Project/The_Human_and_the_Bird/third_party/eigen/Eigen/src/Core/CommaInitializer.h">
			<Option target="pgm"/>
		</Unit>
		<Unit filename="/home/jc/Documents/INF443/Project/The_Human_and_the_Bird/third_party/eigen/Eigen/src/Core/ConditionEstimator.h">
			<Option target="pgm"/>
		</Unit>
		<Unit filename="/home/jc/Documents/INF443/Project/The_Human_and_the_Bird/third_party/eigen/Eigen/src/Core/CoreEvaluators.h">
			<Option target="pgm"/>
		</Unit>
		<Unit filename="/home/jc/Documents/INF443/Project/The_Human_and_the_Bird/third_party/eigen/Eigen/src/Core/CoreIterators.h">
			<Option target="pgm"/>
		</Unit>
		<Unit filename="/home/jc/Documents/INF443/Project/The_Human_and_the_Bird/third_party/eigen/Eigen/src/Core/CwiseBinaryOp.h">
			<Option target="pgm"/>
		</Unit>
		<Unit filename="/home/jc/Documents/INF443/Project/The_Human_and_the_Bird/third_party/eigen/Eigen/src/Core/CwiseNullaryOp.h">
			<Option target="pgm"/>
		</Unit>
		<Unit filename="/home/jc/Documents/INF443/Project/The_Human_and_the_Bird/third_party/eigen/Eigen/src/Core/CwiseTernaryOp.h">
			<Option target="pgm"/>
		</Unit>
		<Unit filename="/home/jc/Documents/INF443/Project/The_Human_and_the_Bird/third_party/eigen/Eigen/src/Core/CwiseUnaryOp.h">
			<Option target="pgm"/>
		</Unit>
		<Unit filename="/home/jc/Documents/INF443/Project/The_Human_and_the_Bird/third_party/eigen/Eigen/src/Core/CwiseUnaryView.h">
			<Option target="pgm"/>
		</Unit>
		<Unit filename="/home/jc/Documents/INF443/Project/The_Human_and_the_Bird/third_party/eigen/Eigen/src/Core/DenseBase.h">
			<Option target="pgm"/>
		</Unit>
		<Unit filename="/home/jc/Documents/INF443/Project/The_Human_and_the_Bird/third_party/eigen/Eigen/src/Core/DenseCoeffsBase.h">
			<Option target="pgm"/>
		</Unit>
		<Unit filename="/home/jc/Documents/INF443/Project/The_Human_and_the_Bird/third_party/eigen/Eigen/src/Core/DenseStorage.h">
			<Option target="pgm"/>
		</Unit>
		<Unit filename="/home/jc/Documents/INF443/Project/The_Human_and_the_Bird/third_party/eigen/Eigen/src/Core/Diagonal.h">
			<Option target="pgm"/>
		</Unit>
		<Unit filename="/home/jc/Documents/INF443/Project/The_Human_and_the_Bird/third_party/eigen/Eigen/src/Core/DiagonalMatrix.h">
			<Option target="pgm"/>
		</Unit>
		<Unit filename="/home/jc/Documents/INF443/Project/The_Human_and_the_Bird/third_party/eigen/Eigen/src/Core/DiagonalProduct.h">
			<Option target="pgm"/>
		</Unit>
		<Unit filename="/home/jc/Documents/INF443/Project/The_Human_and_the_Bird/third_party/eigen/Eigen/src/Core/Dot.h">
			<Option target="pgm"/>
		</Unit>
		<Unit filename="/home/jc/Documents/INF443/Project/The_Human_and_the_Bird/third_party/eigen/Eigen/src/Core/EigenBase.h">
			<Option target="pgm"/>
		</Unit>
		<Unit filename="/home/jc/Documents/INF443/Project/The_Human_and_the_Bird/third_party/eigen/Eigen/src/Core/ForceAlignedAccess.h">
			<Option target="pgm"/>
		</Unit>
		<Unit filename="/home/jc/Documents/INF443/Project/The_Human_and_the_Bird/third_party/eigen/Eigen/src/Core/Fuzzy.h">
			<Option target="pgm"/>
		</Unit>
		<Unit filename="/home/jc/Documents/INF443/Project/The_Human_and_the_Bird/third_party/eigen/Eigen/src/Core/GeneralProduct.h">
			<Option target="pgm"/>
		</Unit>
		<Unit filename="/home/jc/Documents/INF443/Project/The_Human_and_the_Bird/third_party/eigen/Eigen/src/Core/GenericPacketMath.h">
			<Option target="pgm"/>
		</Unit>
		<Unit filename="/home/jc/Documents/INF443/Project/The_Human_and_the_Bird/third_party/eigen/Eigen/src/Core/GlobalFunctions.h">
			<Option target="pgm"/>
		</Unit>
		<Unit filename="/home/jc/Documents/INF443/Project/The_Human_and_the_Bird/third_party/eigen/Eigen/src/Core/IO.h">
			<Option target="pgm"/>
		</Unit>
		<Unit filename="/home/jc/Documents/INF443/Project/The_Human_and_the_Bird/third_party/eigen/Eigen/src/Core/Inverse.h">
			<Option target="pgm"/>
		</Unit>
		<Unit filename="/home/jc/Documents/INF443/Project/The_Human_and_the_Bird/third_party/eigen/Eigen/src/Core/Map.h">
			<Option target="pgm"/>
		</Unit>
		<Unit filename="/home/jc/Documents/INF443/Project/The_Human_and_the_Bird/third_party/eigen/Eigen/src/Core/MapBase.h">
			<Option target="pgm"/>
		</Unit>
		<Unit filename="/home/jc/Documents/INF443/Project/The_Human_and_the_Bird/third_party/eigen/Eigen/src/Core/MathFunctions.h">
			<Option target="pgm"/>
		</Unit>
		<Unit filename="/home/jc/Documents/INF443/Project/The_Human_and_the_Bird/third_party/eigen/Eigen/src/Core/MathFunctionsImpl.h">
			<Option target="pgm"/>
		</Unit>
		<Unit filename="/home/jc/Documents/INF443/Project/The_Human_and_the_Bird/third_party/eigen/Eigen/src/Core/Matrix.h">
			<Option target="pgm"/>
		</Unit>
		<Unit filename="/home/jc/Documents/INF443/Project/The_Human_and_the_Bird/third_party/eigen/Eigen/src/Core/MatrixBase.h">
			<Option target="pgm"/>
		</Unit>
		<Unit filename="/home/jc/Documents/INF443/Project/The_Human_and_the_Bird/third_party/eigen/Eigen/src/Core/NestByValue.h">
			<Option target="pgm"/>
		</Unit>
		<Unit filename="/home/jc/Documents/INF443/Project/The_Human_and_the_Bird/third_party/eigen/Eigen/src/Core/NoAlias.h">
			<Option target="pgm"/>
		</Unit>
		<Unit filename="/home/jc/Documents/INF443/Project/The_Human_and_the_Bird/third_party/eigen/Eigen/src/Core/NumTraits.h">
			<Option target="pgm"/>
		</Unit>
		<Unit filename="/home/jc/Documents/INF443/Project/The_Human_and_the_Bird/third_party/eigen/Eigen/src/Core/PermutationMatrix.h">
			<Option target="pgm"/>
		</Unit>
		<Unit filename="/home/jc/Documents/INF443/Project/The_Human_and_the_Bird/third_party/eigen/Eigen/src/Core/PlainObjectBase.h">
			<Option target="pgm"/>
		</Unit>
		<Unit filename="/home/jc/Documents/INF443/Project/The_Human_and_the_Bird/third_party/eigen/Eigen/src/Core/Product.h">
			<Option target="pgm"/>
		</Unit>
		<Unit filename="/home/jc/Documents/INF443/Project/The_Human_and_the_Bird/third_party/eigen/Eigen/src/Core/ProductEvaluators.h">
			<Option target="pgm"/>
		</Unit>
		<Unit filename="/home/jc/Documents/INF443/Project/The_Human_and_the_Bird/third_party/eigen/Eigen/src/Core/Random.h">
			<Option target="pgm"/>
		</Unit>
		<Unit filename="/home/jc/Documents/INF443/Project/The_Human_and_the_Bird/third_party/eigen/Eigen/src/Core/Redux.h">
			<Option target="pgm"/>
		</Unit>
		<Unit filename="/home/jc/Documents/INF443/Project/The_Human_and_the_Bird/third_party/eigen/Eigen/src/Core/Ref.h">
			<Option target="pgm"/>
		</Unit>
		<Unit filename="/home/jc/Documents/INF443/Project/The_Human_and_the_Bird/third_party/eigen/Eigen/src/Core/Replicate.h">
			<Option target="pgm"/>
		</Unit>
		<Unit filename="/home/jc/Documents/INF443/Project/The_Human_and_the_Bird/third_party/eigen/Eigen/src/Core/ReturnByValue.h">
			<Option target="pgm"/>
		</Unit>
		<Unit filename="/home/jc/Documents/INF443/Project/The_Human_and_the_Bird/third_party/eigen/Eigen/src/Core/Reverse.h">
			<Option target="pgm"/>
		</Unit>
		<Unit filename="/home/jc/Documents/INF443/Project/The_Human_and_the_Bird/third_party/eigen/Eigen/src/Core/Select.h">
			<Option target="pgm"/>
		</Unit>
		<Unit filename="/home/jc/Documents/INF443/Project/The_Human_and_the_Bird/third_party/eigen/Eigen/src/Core/SelfAdjointView.h">
			<Option target="pgm"/>
		</Unit>
		<Unit filename="/home/jc/Documents/INF443/Project/The_Human_and_the_Bird/third_party/eigen/Eigen/src/Core/SelfCwiseBinaryOp.h">
			<Option target="pgm"/>
		</Unit>
		<Unit filename="/home/jc/Documents/INF443/Project/The_Human_and_the_Bird/third_party/eigen/Eigen/src/Core/Solve.h">
			<Option target="pgm"/>
		</Unit>
		<Unit filename="/home/jc/Documents/INF443/Project/The_Human_and_the_Bird/third_party/eigen/Eigen/src/Core/SolveTriangular.h">
			<Option target="pgm"/>
		</Unit>
		<Unit filename="/home/jc/Documents/INF443/Project/The_Human_and_the_Bird/third_party/eigen/Eigen/src/Core/SolverBase.h">
			<Option target="pgm"/>
		</Unit>
		<Unit filename="/home/jc/Documents/INF443/Project/The_Human_and_the_Bird/third_party/eigen/Eigen/src/Core/StableNorm.h">
			<Option target="pgm"/>
		</Unit>
		<Unit filename="/home/jc/Documents/INF443/Project/The_Human_and_the_Bird/third_party/eigen/Eigen/src/Core/Stride.h">
			<Option target="pgm"/>
		</Unit>
		<Unit filename="/home/jc/Documents/INF443/Project/The_Human_and_the_Bird/third_party/eigen/Eigen/src/Core/Swap.h">
			<Option target="pgm"/>
		</Unit>
		<Unit filename="/home/jc/Documents/INF443/Project/The_Human_and_the_Bird/third_party/eigen/Eigen/src/Core/Transpose.h">
			<Option target="pgm"/>
		</Unit>
		<Unit filename="/home/jc/Documents/INF443/Project/The_Human_and_the_Bird/third_party/eigen/Eigen/src/Core/Transpositions.h">
			<Option target="pgm"/>
		</Unit>
		<Unit filename="/home/jc/Documents/INF443/Project/The_Human_and_the_Bird/third_party/eigen/Eigen/src/Core/TriangularMatrix.h">
			<Option target="pgm"/>
		</Unit>
		<Unit filename="/home/jc/Documents/INF443/Project/The_Human_and_the_Bird/third_party/eigen/Eigen/src/Core/VectorBlock.h">
			<Option target="pgm"/>
		</Unit>
		<Unit filename="/home/jc/Documents/INF443/Project/The_Human_and_the_Bird/third_party/eigen/Eigen/src/Core/VectorwiseOp.h">
			<Option target="pgm"/>
		</Unit>
		<Unit filename="/home/jc/Documents/INF443/Project/The_Human_and_the_Bird/third_party/eigen/Eigen/src/Core/Visitor.h">
			<Option target="pgm"/>
		</Unit>
		<Unit filename="/home/jc/Documents/INF443/Project/The_Human_and_the_Bird/third_party/eigen/Eigen/src/Core/arch/AVX/Complex.h">
			<Option target="pgm"/>
		</Unit>
		<Unit filename="/home/jc/Documents/INF443/Project/The_Human_and_the_Bird/third_party/eigen/Eigen/src/Core/arch/AVX/MathFunctions.h">
			<Option target="pgm"/>
		</Unit>
		<Unit filename="/home/jc/Documents/INF443/Project/The_Human_and_the_Bird/third_party/eigen/Eigen/src/Core/arch/AVX/PacketMath.h">
			<Option target="pgm"/>
		</Unit>
		<Unit filename="/home/jc/Documents/INF443/Project/The_Human_and_the_Bird/third_party/eigen/Eigen/src/Core/arch/AVX/TypeCasting.h">
			<Option target="pgm"/>
		</Unit>
		<Unit filename="/home/jc/Documents/INF443/Project/The_Human_and_the_Bird/third_party/eigen/Eigen/src/Core/arch/AVX512/MathFunctions.h">
			<Option target="pgm"/>
		</Unit>
		<Unit filename="/home/jc/Documents/INF443/Project/The_Human_and_the_Bird/third_party/eigen/Eigen/src/Core/arch/AVX512/PacketMath.h">
			<Option target="pgm"/>
		</Unit>
		<Unit filename="/home/jc/Documents/INF443/Project/The_Human_and_the_Bird/third_party/eigen/Eigen/src/Core/arch/AltiVec/Complex.h">
			<Option target="pgm"/>
		</Unit>
		<Unit filename="/home/jc/Documents/INF443/Project/The_Human_and_the_Bird/third_party/eigen/Eigen/src/Core/arch/AltiVec/MathFunctions.h">
			<Option target="pgm"/>
		</Unit>
		<Unit filename="/home/jc/Documents/INF443/Project/The_Human_and_the_Bird/third_party/eigen/Eigen/src/Core/arch/AltiVec/PacketMath.h">
			<Option target="pgm"/>
		</Unit>
		<Unit filename="/home/jc/Documents/INF443/Project/The_Human_and_the_Bird/third_party/eigen/Eigen/src/Core/arch/CUDA/Complex.h">
			<Option target="pgm"/>
		</Unit>
		<Unit filename="/home/jc/Documents/INF443/Project/The_Human_and_the_Bird/third_party/eigen/Eigen/src/Core/arch/CUDA/Half.h">
			<Option target="pgm"/>
		</Unit>
		<Unit filename="/home/jc/Documents/INF443/Project/The_Human_and_the_Bird/third_party/eigen/Eigen/src/Core/arch/CUDA/MathFunctions.h">
			<Option target="pgm"/>
		</Unit>
		<Unit filename="/home/jc/Documents/INF443/Project/The_Human_and_the_Bird/third_party/eigen/Eigen/src/Core/arch/CUDA/PacketMath.h">
			<Option target="pgm"/>
		</Unit>
		<Unit filename="/home/jc/Documents/INF443/Project/The_Human_and_the_Bird/third_party/eigen/Eigen/src/Core/arch/CUDA/PacketMathHalf.h">
			<Option target="pgm"/>
		</Unit>
		<Unit filename="/home/jc/Documents/INF443/Project/The_Human_and_the_Bird/third_party/eigen/Eigen/src/Core/arch/CUDA/TypeCasting.h">
			<Option target="pgm"/>
		</Unit>
		<Unit filename="/home/jc/Documents/INF443/Project/The_Human_and_the_Bird/third_party/eigen/Eigen/src/Core/arch/Default/ConjHelper.h">
			<Option target="pgm"/>
		</Unit>
		<Unit filename="/home/jc/Documents/INF443/Project/The_Human_and_the_Bird/third_party/eigen/Eigen/src/Core/arch/Default/Settings.h">
			<Option target="pgm"/>
		</Unit>
		<Unit filename="/home/jc/Documents/INF443/Project/The_Human_and_the_Bird/third_party/eigen/Eigen/src/Core/arch/NEON/Complex.h">
			<Option target="pgm"/>
		</Unit>
		<Unit filename="/home/jc/Documents/INF443/Project/The_Human_and_the_Bird/third_party/eigen/Eigen/src/Core/arch/NEON/MathFunctions.h">
			<Option target="pgm"/>
		</Unit>
		<Unit filename="/home/jc/Documents/INF443/Project/The_Human_and_the_Bird/third_party/eigen/Eigen/src/Core/arch/NEON/PacketMath.h">
			<Option target="pgm"/>
		</Unit>
		<Unit filename="/home/jc/Documents/INF443/Project/The_Human_and_the_Bird/third_party/eigen/Eigen/src/Core/arch/SSE/Complex.h">
			<Option target="pgm"/>
		</Unit>
		<Unit filename="/home/jc/Documents/INF443/Project/The_Human_and_the_Bird/third_party/eigen/Eigen/src/Core/arch/SSE/MathFunctions.h">
			<Option target="pgm"/>
		</Unit>
		<Unit filename="/home/jc/Documents/INF443/Project/The_Human_and_the_Bird/third_party/eigen/Eigen/src/Core/arch/SSE/PacketMath.h">
			<Option target="pgm"/>
		</Unit>
		<Unit filename="/home/jc/Documents/INF443/Project/The_Human_and_the_Bird/third_party/eigen/Eigen/src/Core/arch/SSE/TypeCasting.h">
			<Option target="pgm"/>
		</Unit>
		<Unit filename="/home/jc/Documents/INF443/Project/The_Human_and_the_Bird/third_party/eigen/Eigen/src/Core/arch/ZVector/Complex.h">
			<Option target="pgm"/>
		</Unit>
		<Unit filename="/home/jc/Documents/INF443/Project/The_Human_and_the_Bird/third_party/eigen/Eigen/src/Core/arch/ZVector/MathFunctions.h">
			<Option target="pgm"/>
		</Unit>
		<Unit filename="/home/jc/Documents/INF443/Project/The_Human_and_the_Bird/third_party/eigen/Eigen/src/Core/arch/ZVector/PacketMath.h">
			<Option target="pgm"/>
		</Unit>
		<Unit filename="/home/jc/Documents/INF443/Project/The_Human_and_the_Bird/third_party/eigen/Eigen/src/Core/functors/AssignmentFunctors.h">
			<Option target="pgm"/>
		</Unit>
		<Unit filename="/home/jc/Documents/INF443/Project/The_Human_and_the_Bird/third_party/eigen/Eigen/src/Core/functors/BinaryFunctors.h">
			<Option target="pgm"/>
		</Unit>
		<Unit filename="/home/jc/Documents/INF443/Project/The_Human_and_the_Bird/third_party/eigen/Eigen/src/Core/functors/NullaryFunctors.h">
			<Option target="pgm"/>
		</Unit>
		<Unit filename="/home/jc/Documents/INF443/Project/The_Human_and_the_Bird/third_party/eigen/Eigen/src/Core/functors/StlFunctors.h">
			<Option target="pgm"/>
		</Unit>
		<Unit filename="/home/jc/Documents/INF443/Project/The_Human_and_the_Bird/third_party/eigen/Eigen/src/Core/functors/TernaryFunctors.h">
			<Option target="pgm"/>
		</Unit>
		<Unit filename="/home/jc/Documents/INF443/Project/The_Human_and_the_Bird/third_party/eigen/Eigen/src/Core/functors/UnaryFunctors.h">
			<Option target="pgm"/>
		</Unit>
		<Unit filename="/home/jc/Documents/INF443/Project/The_Human_and_the_Bird/third_party/eigen/Eigen/src/Core/products/GeneralBlockPanelKernel.h">
			<Option target="pgm"/>
		</Unit>
		<Unit filename="/home/jc/Documents/INF443/Project/The_Human_and_the_Bird/third_party/eigen/Eigen/src/Core/products/GeneralMatrixMatrix.h">
			<Option target="pgm"/>
		</Unit>
		<Unit filename="/home/jc/Documents/INF443/Project/The_Human_and_the_Bird/third_party/eigen/Eigen/src/Core/products/GeneralMatrixMatrixTriangular.h">
			<Option target="pgm"/>
		</Unit>
		<Unit filename="/home/jc/Documents/INF443/Project/The_Human_and_the_Bird/third_party/eigen/Eigen/src/Core/products/GeneralMatrixMatrixTriangular_BLAS.h">
			<Option target="pgm"/>
		</Unit>
		<Unit filename="/home/jc/Documents/INF443/Project/The_Human_and_the_Bird/third_party/eigen/Eigen/src/Core/products/GeneralMatrixMatrix_BLAS.h">
			<Option target="pgm"/>
		</Unit>
		<Unit filename="/home/jc/Documents/INF443/Project/The_Human_and_the_Bird/third_party/eigen/Eigen/src/Core/products/GeneralMatrixVector.h">
			<Option target="pgm"/>
		</Unit>
		<Unit filename="/home/jc/Documents/INF443/Project/The_Human_and_the_Bird/third_party/eigen/Eigen/src/Core/products/GeneralMatrixVector_BLAS.h">
			<Option target="pgm"/>
		</Unit>
		<Unit filename="/home/jc/Documents/INF443/Project/The_Human_and_the_Bird/third_party/eigen/Eigen/src/Core/products/Parallelizer.h">
			<Option target="pgm"/>
		</Unit>
		<Unit filename="/home/jc/Documents/INF443/Project/The_Human_and_the_Bird/third_party/eigen/Eigen/src/Core/products/SelfadjointMatrixMatrix.h">
			<Option target="pgm"/>
		</Unit>
		<Unit filename="/home/jc/Documents/INF443/Project/The_Human_and_the_Bird/third_party/eigen/Eigen/src/Core/products/SelfadjointMatrixMatrix_BLAS.h">
			<Option target="pgm"/>
		</Unit>
		<Unit filename="/home/jc/Documents/INF443/Project/The_Human_and_the_Bird/third_party/eigen/Eigen/src/Core/products/SelfadjointMatrixVector.h">
			<Option target="pgm"/>
		</Unit>
		<Unit filename="/home/jc/Documents/INF443/Project/The_Human_and_the_Bird/third_party/eigen/Eigen/src/Core/products/SelfadjointMatrixVector_BLAS.h">
			<Option target="pgm"/>
		</Unit>
		<Unit filename="/home/jc/Documents/INF443/Project/The_Human_and_the_Bird/third_party/eigen/Eigen/src/Core/products/SelfadjointProduct.h">
			<Option target="pgm"/>
		</Unit>
		<Unit filename="/home/jc/Documents/INF443/Project/The_Human_and_the_Bird/third_party/eigen/Eigen/src/Core/products/SelfadjointRank2Update.h">
			<Option target="pgm"/>
		</Unit>
		<Unit filename="/home/jc/Documents/INF443/Project/The_Human_and_the_Bird/third_party/eigen/Eigen/src/Core/products/TriangularMatrixMatrix.h">
			<Option target="pgm"/>
		</Unit>
		<Unit filename="/home/jc/Documents/INF443/Project/The_Human_and_the_Bird/third_party/eigen/Eigen/src/Core/products/TriangularMatrixMatrix_BLAS.h">
			<Option target="pgm"/>
		</Unit>
		<Unit filename="/home/jc/Documents/INF443/Project/The_Human_and_the_Bird/third_party/eigen/Eigen/src/Core/products/TriangularMatrixVector.h">
			<Option target="pgm"/>
		</Unit>
		<Unit filename="/home/jc/Documents/INF443/Project/The_Human_and_the_Bird/third_party/eigen/Eigen/src/Core/products/TriangularMatrixVector_BLAS.h">
			<Option target="pgm"/>
		</Unit>
		<Unit filename="/home/jc/Documents/INF443/Project/The_Human_and_the_Bird/third_party/eigen/Eigen/src/Core/products/TriangularSolverMatrix.h">
			<Option target="pgm"/>
		</Unit>
		<Unit filename="/home/jc/Documents/INF443/Project/The_Human_and_the_Bird/third_party/eigen/Eigen/src/Core/products/TriangularSolverMatrix_BLAS.h">
			<Option target="pgm"/>
		</Unit>
		<Unit filename="/home/jc/Documents/INF443/Project/The_Human_and_the_Bird/third_party/eigen/Eigen/src/Core/products/TriangularSolverVector.h">
			<Option target="pgm"/>
		</Unit>
		<Unit filename="/home/jc/Documents/INF443/Project/The_Human_and_the_Bird/third_party/eigen/Eigen/src/Core/util/BlasUtil.h">
			<Option target="pgm"/>
		</Unit>
		<Unit filename="/home/jc/Documents/INF443/Project/The_Human_and_the_Bird/third_party/eigen/Eigen/src/Core/util/Constants.h">
			<Option target="pgm"/>
		</Unit>
		<Unit filename="/home/jc/Documents/INF443/Project/The_Human_and_the_Bird/third_party/eigen/Eigen/src/Core/util/DisableStupidWarnings.h">
			<Option target="pgm"/>
		</Unit>
		<Unit filename="/home/jc/Documents/INF443/Project/The_Human_and_the_Bird/third_party/eigen/Eigen/src/Core/util/ForwardDeclarations.h">
			<Option target="pgm"/>
		</Unit>
		<Unit filename="/home/jc/Documents/INF443/Project/The_Human_and_the_Bird/third_party/eigen/Eigen/src/Core/util/MKL_support.h">
			<Option target="pgm"/>
		</Unit>
		<Unit filename="/home/jc/Documents/INF443/Project/The_Human_and_the_Bird/third_party/eigen/Eigen/src/Core/util/Macros.h">
			<Option target="pgm"/>
		</Unit>
		<Unit filename="/home/jc/Documents/INF443/Project/The_Human_and_the_Bird/third_party/eigen/Eigen/src/Core/util/Memory.h">
			<Option target="pgm"/>
		</Unit>
		<Unit filename="/home/jc/Documents/INF443/Project/The_Human_and_the_Bird/third_party/eigen/Eigen/src/Core/util/Meta.h">
			<Option target="pgm"/>
		</Unit>
		<Unit filename="/home/jc/Documents/INF443/Project/The_Human_and_the_Bird/third_party/eigen/Eigen/src/Core/util/NonMPL2.h">
			<Option target="pgm"/>
		</Unit>
		<Unit filename="/home/jc/Documents/INF443/Project/The_Human_and_the_Bird/third_party/eigen/Eigen/src/Core/util/ReenableStupidWarnings.h">
			<Option target="pgm"/>
		</Unit>
		<Unit filename="/home/jc/Documents/INF443/Project/The_Human_and_the_Bird/third_party/eigen/Eigen/src/Core/util/StaticAssert.h">
			<Option target="pgm"/>
		</Unit>
		<Unit filename="/home/jc/Documents/INF443/Project/The_Human_and_the_Bird/third_party/eigen/Eigen/src/Core/util/XprHelper.h">
			<Option target="pgm"/>
		</Unit>
		<Unit filename="/home/jc/Documents/INF443/Project/The_Human_and_the_Bird/third_party/eigen/Eigen/src/Eigenvalues/ComplexEigenSolver.h">
			<Option target="pgm"/>
		</Unit>
		<Unit filename="/home/jc/Documents/INF443/Project/The_Human_and_the_Bird/third_party/eigen/Eigen/src/Eigenvalues/ComplexSchur.h">
			<Option target="pgm"/>
		</Unit>
		<Unit filename="/home/jc/Documents/INF443/Project/The_Human_and_the_Bird/third_party/eigen/Eigen/src/Eigenvalues/ComplexSchur_LAPACKE.h">
			<Option target="pgm"/>
		</Unit>
		<Unit filename="/home/jc/Documents/INF443/Project/The_Human_and_the_Bird/third_party/eigen/Eigen/src/Eigenvalues/EigenSolver.h">
			<Option target="pgm"/>
		</Unit>
		<Unit filename="/home/jc/Documents/INF443/Project/The_Human_and_the_Bird/third_party/eigen/Eigen/src/Eigenvalues/GeneralizedEigenSolver.h">
			<Option target="pgm"/>
		</Unit>
		<Unit filename="/home/jc/Documents/INF443/Project/The_Human_and_the_Bird/third_party/eigen/Eigen/src/Eigenvalues/GeneralizedSelfAdjointEigenSolver.h">
			<Option target="pgm"/>
		</Unit>
		<Unit filename="/home/jc/Documents/INF443/Project/The_Human_and_the_Bird/third_party/eigen/Eigen/src/Eigenvalues/HessenbergDecomposition.h">
			<Option target="pgm"/>
		</Unit>
		<Unit filename="/home/jc/Documents/INF443/Project/The_Human_and_the_Bird/third_party/eigen/Eigen/src/Eigenvalues/MatrixBaseEigenvalues.h">
			<Option target="pgm"/>
		</Unit>
		<Unit filename="/home/jc/Documents/INF443/Project/The_Human_and_the_Bird/third_party/eigen/Eigen/src/Eigenvalues/RealQZ.h">
			<Option target="pgm"/>
		</Unit>
		<Unit filename="/home/jc/Documents/INF443/Project/The_Human_and_the_Bird/third_party/eigen/Eigen/src/Eigenvalues/RealSchur.h">
			<Option target="pgm"/>
		</Unit>
		<Unit filename="/home/jc/Documents/INF443/Project/The_Human_and_the_Bird/third_party/eigen/Eigen/src/Eigenvalues/RealSchur_LAPACKE.h">
			<Option target="pgm"/>
		</Unit>
		<Unit filename="/home/jc/Documents/INF443/Project/The_Human_and_the_Bird/third_party/eigen/Eigen/src/Eigenvalues/SelfAdjointEigenSolver.h">
			<Option target="pgm"/>
		</Unit>
		<Unit filename="/home/jc/Documents/INF443/Project/The_Human_and_the_Bird/third_party/eigen/Eigen/src/Eigenvalues/SelfAdjointEigenSolver_LAPACKE.h">
			<Option target="pgm"/>
		</Unit>
		<Unit filename="/home/jc/Documents/INF443/Project/The_Human_and_the_Bird/third_party/eigen/Eigen/src/Eigenvalues/Tridiagonalization.h">
			<Option target="pgm"/>
		</Unit>
		<Unit filename="/home/jc/Documents/INF443/Project/The_Human_and_the_Bird/third_party/eigen/Eigen/src/Geometry/AlignedBox.h">
			<Option target="pgm"/>
		</Unit>
		<Unit filename="/home/jc/Documents/INF443/Project/The_Human_and_the_Bird/third_party/eigen/Eigen/src/Geometry/AngleAxis.h">
			<Option target="pgm"/>
		</Unit>
		<Unit filename="/home/jc/Documents/INF443/Project/The_Human_and_the_Bird/third_party/eigen/Eigen/src/Geometry/EulerAngles.h">
			<Option target="pgm"/>
		</Unit>
		<Unit filename="/home/jc/Documents/INF443/Project/The_Human_and_the_Bird/third_party/eigen/Eigen/src/Geometry/Homogeneous.h">
			<Option target="pgm"/>
		</Unit>
		<Unit filename="/home/jc/Documents/INF443/Project/The_Human_and_the_Bird/third_party/eigen/Eigen/src/Geometry/Hyperplane.h">
			<Option target="pgm"/>
		</Unit>
		<Unit filename="/home/jc/Documents/INF443/Project/The_Human_and_the_Bird/third_party/eigen/Eigen/src/Geometry/OrthoMethods.h">
			<Option target="pgm"/>
		</Unit>
		<Unit filename="/home/jc/Documents/INF443/Project/The_Human_and_the_Bird/third_party/eigen/Eigen/src/Geometry/ParametrizedLine.h">
			<Option target="pgm"/>
		</Unit>
		<Unit filename="/home/jc/Documents/INF443/Project/The_Human_and_the_Bird/third_party/eigen/Eigen/src/Geometry/Quaternion.h">
			<Option target="pgm"/>
		</Unit>
		<Unit filename="/home/jc/Documents/INF443/Project/The_Human_and_the_Bird/third_party/eigen/Eigen/src/Geometry/Rotation2D.h">
			<Option target="pgm"/>
		</Unit>
		<Unit filename="/home/jc/Documents/INF443/Project/The_Human_and_the_Bird/third_party/eigen/Eigen/src/Geometry/RotationBase.h">
			<Option target="pgm"/>
		</Unit>
		<Unit filename="/home/jc/Documents/INF443/Project/The_Human_and_the_Bird/third_party/eigen/Eigen/src/Geometry/Scaling.h">
			<Option target="pgm"/>
		</Unit>
		<Unit filename="/home/jc/Documents/INF443/Project/The_Human_and_the_Bird/third_party/eigen/Eigen/src/Geometry/Transform.h">
			<Option target="pgm"/>
		</Unit>
		<Unit filename="/home/jc/Documents/INF443/Project/The_Human_and_the_Bird/third_party/eigen/Eigen/src/Geometry/Translation.h">
			<Option target="pgm"/>
		</Unit>
		<Unit filename="/home/jc/Documents/INF443/Project/The_Human_and_the_Bird/third_party/eigen/Eigen/src/Geometry/Umeyama.h">
			<Option target="pgm"/>
		</Unit>
		<Unit filename="/home/jc/Documents/INF443/Project/The_Human_and_the_Bird/third_party/eigen/Eigen/src/Geometry/arch/Geometry_SSE.h">
			<Option target="pgm"/>
		</Unit>
		<Unit filename="/home/jc/Documents/INF443/Project/The_Human_and_the_Bird/third_party/eigen/Eigen/src/Householder/BlockHouseholder.h">
			<Option target="pgm"/>
		</Unit>
		<Unit filename="/home/jc/Documents/INF443/Project/The_Human_and_the_Bird/third_party/eigen/Eigen/src/Householder/Householder.h">
			<Option target="pgm"/>
		</Unit>
		<Unit filename="/home/jc/Documents/INF443/Project/The_Human_and_the_Bird/third_party/eigen/Eigen/src/Householder/HouseholderSequence.h">
			<Option target="pgm"/>
		</Unit>
		<Unit filename="/home/jc/Documents/INF443/Project/The_Human_and_the_Bird/third_party/eigen/Eigen/src/IterativeLinearSolvers/BasicPreconditioners.h">
			<Option target="pgm"/>
		</Unit>
		<Unit filename="/home/jc/Documents/INF443/Project/The_Human_and_the_Bird/third_party/eigen/Eigen/src/IterativeLinearSolvers/BiCGSTAB.h">
			<Option target="pgm"/>
		</Unit>
		<Unit filename="/home/jc/Documents/INF443/Project/The_Human_and_the_Bird/third_party/eigen/Eigen/src/IterativeLinearSolvers/ConjugateGradient.h">
			<Option target="pgm"/>
		</Unit>
		<Unit filename="/home/jc/Documents/INF443/Project/The_Human_and_the_Bird/third_party/eigen/Eigen/src/IterativeLinearSolvers/IncompleteCholesky.h">
			<Option target="pgm"/>
		</Unit>
		<Unit filename="/home/jc/Documents/INF443/Project/The_Human_and_the_Bird/third_party/eigen/Eigen/src/IterativeLinearSolvers/IncompleteLUT.h">
			<Option target="pgm"/>
		</Unit>
		<Unit filename="/home/jc/Documents/INF443/Project/The_Human_and_the_Bird/third_party/eigen/Eigen/src/IterativeLinearSolvers/IterativeSolverBase.h">
			<Option target="pgm"/>
		</Unit>
		<Unit filename="/home/jc/Documents/INF443/Project/The_Human_and_the_Bird/third_party/eigen/Eigen/src/IterativeLinearSolvers/LeastSquareConjugateGradient.h">
			<Option target="pgm"/>
		</Unit>
		<Unit filename="/home/jc/Documents/INF443/Project/The_Human_and_the_Bird/third_party/eigen/Eigen/src/IterativeLinearSolvers/SolveWithGuess.h">
			<Option target="pgm"/>
		</Unit>
		<Unit filename="/home/jc/Documents/INF443/Project/The_Human_and_the_Bird/third_party/eigen/Eigen/src/Jacobi/Jacobi.h">
			<Option target="pgm"/>
		</Unit>
		<Unit filename="/home/jc/Documents/INF443/Project/The_Human_and_the_Bird/third_party/eigen/Eigen/src/LU/Determinant.h">
			<Option target="pgm"/>
		</Unit>
		<Unit filename="/home/jc/Documents/INF443/Project/The_Human_and_the_Bird/third_party/eigen/Eigen/src/LU/FullPivLU.h">
			<Option target="pgm"/>
		</Unit>
		<Unit filename="/home/jc/Documents/INF443/Project/The_Human_and_the_Bird/third_party/eigen/Eigen/src/LU/InverseImpl.h">
			<Option target="pgm"/>
		</Unit>
		<Unit filename="/home/jc/Documents/INF443/Project/The_Human_and_the_Bird/third_party/eigen/Eigen/src/LU/PartialPivLU.h">
			<Option target="pgm"/>
		</Unit>
		<Unit filename="/home/jc/Documents/INF443/Project/The_Human_and_the_Bird/third_party/eigen/Eigen/src/LU/PartialPivLU_LAPACKE.h">
			<Option target="pgm"/>
		</Unit>
		<Unit filename="/home/jc/Documents/INF443/Project/The_Human_and_the_Bird/third_party/eigen/Eigen/src/LU/arch/Inverse_SSE.h">
			<Option target="pgm"/>
		</Unit>
		<Unit filename="/home/jc/Documents/INF443/Project/The_Human_and_the_Bird/third_party/eigen/Eigen/src/MetisSupport/MetisSupport.h">
			<Option target="pgm"/>
		</Unit>
		<Unit filename="/home/jc/Documents/INF443/Project/The_Human_and_the_Bird/third_party/eigen/Eigen/src/OrderingMethods/Amd.h">
			<Option target="pgm"/>
		</Unit>
		<Unit filename="/home/jc/Documents/INF443/Project/The_Human_and_the_Bird/third_party/eigen/Eigen/src/OrderingMethods/Eigen_Colamd.h">
			<Option target="pgm"/>
		</Unit>
		<Unit filename="/home/jc/Documents/INF443/Project/The_Human_and_the_Bird/third_party/eigen/Eigen/src/OrderingMethods/Ordering.h">
			<Option target="pgm"/>
		</Unit>
		<Unit filename="/home/jc/Documents/INF443/Project/The_Human_and_the_Bird/third_party/eigen/Eigen/src/PaStiXSupport/PaStiXSupport.h">
			<Option target="pgm"/>
		</Unit>
		<Unit filename="/home/jc/Documents/INF443/Project/The_Human_and_the_Bird/third_party/eigen/Eigen/src/PardisoSupport/PardisoSupport.h">
			<Option target="pgm"/>
		</Unit>
		<Unit filename="/home/jc/Documents/INF443/Project/The_Human_and_the_Bird/third_party/eigen/Eigen/src/QR/ColPivHouseholderQR.h">
			<Option target="pgm"/>
		</Unit>
		<Unit filename="/home/jc/Documents/INF443/Project/The_Human_and_the_Bird/third_party/eigen/Eigen/src/QR/ColPivHouseholderQR_LAPACKE.h">
			<Option target="pgm"/>
		</Unit>
		<Unit filename="/home/jc/Documents/INF443/Project/The_Human_and_the_Bird/third_party/eigen/Eigen/src/QR/CompleteOrthogonalDecomposition.h">
			<Option target="pgm"/>
		</Unit>
		<Unit filename="/home/jc/Documents/INF443/Project/The_Human_and_the_Bird/third_party/eigen/Eigen/src/QR/FullPivHouseholderQR.h">
			<Option target="pgm"/>
		</Unit>
		<Unit filename="/home/jc/Documents/INF443/Project/The_Human_and_the_Bird/third_party/eigen/Eigen/src/QR/HouseholderQR.h">
			<Option target="pgm"/>
		</Unit>
		<Unit filename="/home/jc/Documents/INF443/Project/The_Human_and_the_Bird/third_party/eigen/Eigen/src/QR/HouseholderQR_LAPACKE.h">
			<Option target="pgm"/>
		</Unit>
		<Unit filename="/home/jc/Documents/INF443/Project/The_Human_and_the_Bird/third_party/eigen/Eigen/src/SPQRSupport/SuiteSparseQRSupport.h">
			<Option target="pgm"/>
		</Unit>
		<Unit filename="/home/jc/Documents/INF443/Project/The_Human_and_the_Bird/third_party/eigen/Eigen/src/SVD/BDCSVD.h">
			<Option target="pgm"/>
		</Unit>
		<Unit filename="/home/jc/Documents/INF443/Project/The_Human_and_the_Bird/third_party/eigen/Eigen/src/SVD/JacobiSVD.h">
			<Option target="pgm"/>
		</Unit>
		<Unit filename="/home/jc/Documents/INF443/Project/The_Human_and_the_Bird/third_party/eigen/Eigen/src/SVD/JacobiSVD_LAPACKE.h">
			<Option target="pgm"/>
		</Unit>
		<Unit filename="/home/jc/Documents/INF443/Project/The_Human_and_the_Bird/third_party/eigen/Eigen/src/SVD/SVDBase.h">
			<Option target="pgm"/>
		</Unit>
		<Unit filename="/home/jc/Documents/INF443/Project/The_Human_and_the_Bird/third_party/eigen/Eigen/src/SVD/UpperBidiagonalization.h">
			<Option target="pgm"/>
		</Unit>
		<Unit filename="/home/jc/Documents/INF443/Project/The_Human_and_the_Bird/third_party/eigen/Eigen/src/SparseCholesky/SimplicialCholesky.h">
			<Option target="pgm"/>
		</Unit>
		<Unit filename="/home/jc/Documents/INF443/Project/The_Human_and_the_Bird/third_party/eigen/Eigen/src/SparseCholesky/SimplicialCholesky_impl.h">
			<Option target="pgm"/>
		</Unit>
		<Unit filename="/home/jc/Documents/INF443/Project/The_Human_and_the_Bird/third_party/eigen/Eigen/src/SparseCore/AmbiVector.h">
			<Option target="pgm"/>
		</Unit>
		<Unit filename="/home/jc/Documents/INF443/Project/The_Human_and_the_Bird/third_party/eigen/Eigen/src/SparseCore/CompressedStorage.h">
			<Option target="pgm"/>
		</Unit>
		<Unit filename="/home/jc/Documents/INF443/Project/The_Human_and_the_Bird/third_party/eigen/Eigen/src/SparseCore/ConservativeSparseSparseProduct.h">
			<Option target="pgm"/>
		</Unit>
		<Unit filename="/home/jc/Documents/INF443/Project/The_Human_and_the_Bird/third_party/eigen/Eigen/src/SparseCore/MappedSparseMatrix.h">
			<Option target="pgm"/>
		</Unit>
		<Unit filename="/home/jc/Documents/INF443/Project/The_Human_and_the_Bird/third_party/eigen/Eigen/src/SparseCore/SparseAssign.h">
			<Option target="pgm"/>
		</Unit>
		<Unit filename="/home/jc/Documents/INF443/Project/The_Human_and_the_Bird/third_party/eigen/Eigen/src/SparseCore/SparseBlock.h">
			<Option target="pgm"/>
		</Unit>
		<Unit filename="/home/jc/Documents/INF443/Project/The_Human_and_the_Bird/third_party/eigen/Eigen/src/SparseCore/SparseColEtree.h">
			<Option target="pgm"/>
		</Unit>
		<Unit filename="/home/jc/Documents/INF443/Project/The_Human_and_the_Bird/third_party/eigen/Eigen/src/SparseCore/SparseCompressedBase.h">
			<Option target="pgm"/>
		</Unit>
		<Unit filename="/home/jc/Documents/INF443/Project/The_Human_and_the_Bird/third_party/eigen/Eigen/src/SparseCore/SparseCwiseBinaryOp.h">
			<Option target="pgm"/>
		</Unit>
		<Unit filename="/home/jc/Documents/INF443/Project/The_Human_and_the_Bird/third_party/eigen/Eigen/src/SparseCore/SparseCwiseUnaryOp.h">
			<Option target="pgm"/>
		</Unit>
		<Unit filename="/home/jc/Documents/INF443/Project/The_Human_and_the_Bird/third_party/eigen/Eigen/src/SparseCore/SparseDenseProduct.h">
			<Option target="pgm"/>
		</Unit>
		<Unit filename="/home/jc/Documents/INF443/Project/The_Human_and_the_Bird/third_party/eigen/Eigen/src/SparseCore/SparseDiagonalProduct.h">
			<Option target="pgm"/>
		</Unit>
		<Unit filename="/home/jc/Documents/INF443/Project/The_Human_and_the_Bird/third_party/eigen/Eigen/src/SparseCore/SparseDot.h">
			<Option target="pgm"/>
		</Unit>
		<Unit filename="/home/jc/Documents/INF443/Project/The_Human_and_the_Bird/third_party/eigen/Eigen/src/SparseCore/SparseFuzzy.h">
			<Option target="pgm"/>
		</Unit>
		<Unit filename="/home/jc/Documents/INF443/Project/The_Human_and_the_Bird/third_party/eigen/Eigen/src/SparseCore/SparseMap.h">
			<Option target="pgm"/>
		</Unit>
		<Unit filename="/home/jc/Documents/INF443/Project/The_Human_and_the_Bird/third_party/eigen/Eigen/src/SparseCore/SparseMatrix.h">
			<Option target="pgm"/>
		</Unit>
		<Unit filename="/home/jc/Documents/INF443/Project/The_Human_and_the_Bird/third_party/eigen/Eigen/src/SparseCore/SparseMatrixBase.h">
			<Option target="pgm"/>
		</Unit>
		<Unit filename="/home/jc/Documents/INF443/Project/The_Human_and_the_Bird/third_party/eigen/Eigen/src/SparseCore/SparsePermutation.h">
			<Option target="pgm"/>
		</Unit>
		<Unit filename="/home/jc/Documents/INF443/Project/The_Human_and_the_Bird/third_party/eigen/Eigen/src/SparseCore/SparseProduct.h">
			<Option target="pgm"/>
		</Unit>
		<Unit filename="/home/jc/Documents/INF443/Project/The_Human_and_the_Bird/third_party/eigen/Eigen/src/SparseCore/SparseRedux.h">
			<Option target="pgm"/>
		</Unit>
		<Unit filename="/home/jc/Documents/INF443/Project/The_Human_and_the_Bird/third_party/eigen/Eigen/src/SparseCore/SparseRef.h">
			<Option target="pgm"/>
		</Unit>
		<Unit filename="/home/jc/Documents/INF443/Project/The_Human_and_the_Bird/third_party/eigen/Eigen/src/SparseCore/SparseSelfAdjointView.h">
			<Option target="pgm"/>
		</Unit>
		<Unit filename="/home/jc/Documents/INF443/Project/The_Human_and_the_Bird/third_party/eigen/Eigen/src/SparseCore/SparseSolverBase.h">
			<Option target="pgm"/>
		</Unit>
		<Unit filename="/home/jc/Documents/INF443/Project/The_Human_and_the_Bird/third_party/eigen/Eigen/src/SparseCore/SparseSparseProductWithPruning.h">
			<Option target="pgm"/>
		</Unit>
		<Unit filename="/home/jc/Documents/INF443/Project/The_Human_and_the_Bird/third_party/eigen/Eigen/src/SparseCore/SparseTranspose.h">
			<Option target="pgm"/>
		</Unit>
		<Unit filename="/home/jc/Documents/INF443/Project/The_Human_and_the_Bird/third_party/eigen/Eigen/src/SparseCore/SparseTriangularView.h">
			<Option target="pgm"/>
		</Unit>
		<Unit filename="/home/jc/Documents/INF443/Project/The_Human_and_the_Bird/third_party/eigen/Eigen/src/SparseCore/SparseUtil.h">
			<Option target="pgm"/>
		</Unit>
		<Unit filename="/home/jc/Documents/INF443/Project/The_Human_and_the_Bird/third_party/eigen/Eigen/src/SparseCore/SparseVector.h">
			<Option target="pgm"/>
		</Unit>
		<Unit filename="/home/jc/Documents/INF443/Project/The_Human_and_the_Bird/third_party/eigen/Eigen/src/SparseCore/SparseView.h">
			<Option target="pgm"/>
		</Unit>
		<Unit filename="/home/jc/Documents/INF443/Project/The_Human_and_the_Bird/third_party/eigen/Eigen/src/SparseCore/TriangularSolver.h">
			<Option target="pgm"/>
		</Unit>
		<Unit filename="/home/jc/Documents/INF443/Project/The_Human_and_the_Bird/third_party/eigen/Eigen/src/SparseLU/SparseLU.h">
			<Option target="pgm"/>
		</Unit>
		<Unit filename="/home/jc/Documents/INF443/Project/The_Human_and_the_Bird/third_party/eigen/Eigen/src/SparseLU/SparseLUImpl.h">
			<Option target="pgm"/>
		</Unit>
		<Unit filename="/home/jc/Documents/INF443/Project/The_Human_and_the_Bird/third_party/eigen/Eigen/src/SparseLU/SparseLU_Memory.h">
			<Option target="pgm"/>
		</Unit>
		<Unit filename="/home/jc/Documents/INF443/Project/The_Human_and_the_Bird/third_party/eigen/Eigen/src/SparseLU/SparseLU_Structs.h">
			<Option target="pgm"/>
		</Unit>
		<Unit filename="/home/jc/Documents/INF443/Project/The_Human_and_the_Bird/third_party/eigen/Eigen/src/SparseLU/SparseLU_SupernodalMatrix.h">
			<Option target="pgm"/>
		</Unit>
		<Unit filename="/home/jc/Documents/INF443/Project/The_Human_and_the_Bird/third_party/eigen/Eigen/src/SparseLU/SparseLU_Utils.h">
			<Option target="pgm"/>
		</Unit>
		<Unit filename="/home/jc/Documents/INF443/Project/The_Human_and_the_Bird/third_party/eigen/Eigen/src/SparseLU/SparseLU_column_bmod.h">
			<Option target="pgm"/>
		</Unit>
		<Unit filename="/home/jc/Documents/INF443/Project/The_Human_and_the_Bird/third_party/eigen/Eigen/src/SparseLU/SparseLU_column_dfs.h">
			<Option target="pgm"/>
		</Unit>
		<Unit filename="/home/jc/Documents/INF443/Project/The_Human_and_the_Bird/third_party/eigen/Eigen/src/SparseLU/SparseLU_copy_to_ucol.h">
			<Option target="pgm"/>
		</Unit>
		<Unit filename="/home/jc/Documents/INF443/Project/The_Human_and_the_Bird/third_party/eigen/Eigen/src/SparseLU/SparseLU_gemm_kernel.h">
			<Option target="pgm"/>
		</Unit>
		<Unit filename="/home/jc/Documents/INF443/Project/The_Human_and_the_Bird/third_party/eigen/Eigen/src/SparseLU/SparseLU_heap_relax_snode.h">
			<Option target="pgm"/>
		</Unit>
		<Unit filename="/home/jc/Documents/INF443/Project/The_Human_and_the_Bird/third_party/eigen/Eigen/src/SparseLU/SparseLU_kernel_bmod.h">
			<Option target="pgm"/>
		</Unit>
		<Unit filename="/home/jc/Documents/INF443/Project/The_Human_and_the_Bird/third_party/eigen/Eigen/src/SparseLU/SparseLU_panel_bmod.h">
			<Option target="pgm"/>
		</Unit>
		<Unit filename="/home/jc/Documents/INF443/Project/The_Human_and_the_Bird/third_party/eigen/Eigen/src/SparseLU/SparseLU_panel_dfs.h">
			<Option target="pgm"/>
		</Unit>
		<Unit filename="/home/jc/Documents/INF443/Project/The_Human_and_the_Bird/third_party/eigen/Eigen/src/SparseLU/SparseLU_pivotL.h">
			<Option target="pgm"/>
		</Unit>
		<Unit filename="/home/jc/Documents/INF443/Project/The_Human_and_the_Bird/third_party/eigen/Eigen/src/SparseLU/SparseLU_pruneL.h">
			<Option target="pgm"/>
		</Unit>
		<Unit filename="/home/jc/Documents/INF443/Project/The_Human_and_the_Bird/third_party/eigen/Eigen/src/SparseLU/SparseLU_relax_snode.h">
			<Option target="pgm"/>
		</Unit>
		<Unit filename="/home/jc/Documents/INF443/Project/The_Human_and_the_Bird/third_party/eigen/Eigen/src/SparseQR/SparseQR.h">
			<Option target="pgm"/>
		</Unit>
		<Unit filename="/home/jc/Documents/INF443/Project/The_Human_and_the_Bird/third_party/eigen/Eigen/src/StlSupport/StdDeque.h">
			<Option target="pgm"/>
		</Unit>
		<Unit filename="/home/jc/Documents/INF443/Project/The_Human_and_the_Bird/third_party/eigen/Eigen/src/StlSupport/StdList.h">
			<Option target="pgm"/>
		</Unit>
		<Unit filename="/home/jc/Documents/INF443/Project/The_Human_and_the_Bird/third_party/eigen/Eigen/src/StlSupport/StdVector.h">
			<Option target="pgm"/>
		</Unit>
		<Unit filename="/home/jc/Documents/INF443/Project/The_Human_and_the_Bird/third_party/eigen/Eigen/src/StlSupport/details.h">
			<Option target="pgm"/>
		</Unit>
		<Unit filename="/home/jc/Documents/INF443/Project/The_Human_and_the_Bird/third_party/eigen/Eigen/src/SuperLUSupport/SuperLUSupport.h">
			<Option target="pgm"/>
		</Unit>
		<Unit filename="/home/jc/Documents/INF443/Project/The_Human_and_the_Bird/third_party/eigen/Eigen/src/UmfPackSupport/UmfPackSupport.h">
			<Option target="pgm"/>
		</Unit>
		<Unit filename="/home/jc/Documents/INF443/Project/The_Human_and_the_Bird/third_party/eigen/Eigen/src/misc/Image.h">
			<Option target="pgm"/>
		</Unit>
		<Unit filename="/home/jc/Documents/INF443/Project/The_Human_and_the_Bird/third_party/eigen/Eigen/src/misc/Kernel.h">
			<Option target="pgm"/>
		</Unit>
		<Unit filename="/home/jc/Documents/INF443/Project/The_Human_and_the_Bird/third_party/eigen/Eigen/src/misc/RealSvd2x2.h">
			<Option target="pgm"/>
		</Unit>
		<Unit filename="/home/jc/Documents/INF443/Project/The_Human_and_the_Bird/third_party/eigen/Eigen/src/misc/blas.h">
			<Option target="pgm"/>
		</Unit>
		<Unit filename="/home/jc/Documents/INF443/Project/The_Human_and_the_Bird/third_party/eigen/Eigen/src/misc/lapack.h">
			<Option target="pgm"/>
		</Unit>
		<Unit filename="/home/jc/Documents/INF443/Project/The_Human_and_the_Bird/third_party/eigen/Eigen/src/misc/lapacke.h">
			<Option target="pgm"/>
		</Unit>
		<Unit filename="/home/jc/Documents/INF443/Project/The_Human_and_the_Bird/third_party/eigen/Eigen/src/misc/lapacke_mangling.h">
			<Option target="pgm"/>
		</Unit>
		<Unit filename="/home/jc/Documents/INF443/Project/The_Human_and_the_Bird/third_party/eigen/Eigen/src/plugins/ArrayCwiseBinaryOps.h">
			<Option target="pgm"/>
		</Unit>
		<Unit filename="/home/jc/Documents/INF443/Project/The_Human_and_the_Bird/third_party/eigen/Eigen/src/plugins/ArrayCwiseUnaryOps.h">
			<Option target="pgm"/>
		</Unit>
		<Unit filename="/home/jc/Documents/INF443/Project/The_Human_and_the_Bird/third_party/eigen/Eigen/src/plugins/BlockMethods.h">
			<Option target="pgm"/>
		</Unit>
		<Unit filename="/home/jc/Documents/INF443/Project/The_Human_and_the_Bird/third_party/eigen/Eigen/src/plugins/CommonCwiseBinaryOps.h">
			<Option target="pgm"/>
		</Unit>
		<Unit filename="/home/jc/Documents/INF443/Project/The_Human_and_the_Bird/third_party/eigen/Eigen/src/plugins/CommonCwiseUnaryOps.h">
			<Option target="pgm"/>
		</Unit>
		<Unit filename="/home/jc/Documents/INF443/Project/The_Human_and_the_Bird/third_party/eigen/Eigen/src/plugins/MatrixCwiseBinaryOps.h">
			<Option target="pgm"/>
		</Unit>
		<Unit filename="/home/jc/Documents/INF443/Project/The_Human_and_the_Bird/third_party/eigen/Eigen/src/plugins/MatrixCwiseUnaryOps.h">
			<Option target="pgm"/>
		</Unit>
		<Unit filename="/home/jc/Documents/INF443/Project/The_Human_and_the_Bird/third_party/glad/include/glad/glad.hpp">
			<Option target="pgm"/>
		</Unit>
		<Unit filename="/home/jc/Documents/INF443/Project/The_Human_and_the_Bird/third_party/glad/src/glad.cpp">
			<Option target="pgm"/>
		</Unit>
		<Unit filename="/home/jc/Documents/INF443/Project/The_Human_and_the_Bird/third_party/imgui/imconfig.h">
			<Option target="pgm"/>
		</Unit>
		<Unit filename="/home/jc/Documents/INF443/Project/The_Human_and_the_Bird/third_party/imgui/imgui.cpp">
			<Option target="pgm"/>
		</Unit>
		<Unit filename="/home/jc/Documents/INF443/Project/The_Human_and_the_Bird/third_party/imgui/imgui.h">
			<Option target="pgm"/>
		</Unit>
		<Unit filename="/home/jc/Documents/INF443/Project/The_Human_and_the_Bird/third_party/imgui/imgui_demo.cpp">
			<Option target="pgm"/>
		</Unit>
		<Unit filename="/home/jc/Documents/INF443/Project/The_Human_and_the_Bird/third_party/imgui/imgui_draw.cpp">
			<Option target="pgm"/>
		</Unit>
		<Unit filename="/home/jc/Documents/INF443/Project/The_Human_and_the_Bird/third_party/imgui/imgui_impl_glfw.cpp">
			<Option target="pgm"/>
		</Unit>
		<Unit filename="/home/jc/Documents/INF443/Project/The_Human_and_the_Bird/third_party/imgui/imgui_impl_glfw.h">
			<Option target="pgm"/>
		</Unit>
		<Unit filename="/home/jc/Documents/INF443/Project/The_Human_and_the_Bird/third_party/imgui/imgui_impl_opengl3.cpp">
			<Option target="pgm"/>
		</Unit>
		<Unit filename="/home/jc/Documents/INF443/Project/The_Human_and_the_Bird/third_party/imgui/imgui_impl_opengl3.h">
			<Option target="pgm"/>
		</Unit>
		<Unit filename="/home/jc/Documents/INF443/Project/The_Human_and_the_Bird/third_party/imgui/imgui_internal.h">
			<Option target="pgm"/>
		</Unit>
		<Unit filename="/home/jc/Documents/INF443/Project/The_Human_and_the_Bird/third_party/imgui/imgui_widgets.cpp">
			<Option target="pgm"/>
		</Unit>
		<Unit filename="/home/jc/Documents/INF443/Project/The_Human_and_the_Bird/third_party/imgui/imstb_rectpack.h">
			<Option target="pgm"/>
		</Unit>
		<Unit filename="/home/jc/Documents/INF443/Project/The_Human_and_the_Bird/third_party/imgui/imstb_textedit.h">
			<Option target="pgm"/>
		</Unit>
		<Unit filename="/home/jc/Documents/INF443/Project/The_Human_and_the_Bird/third_party/imgui/imstb_truetype.h">
			<Option target="pgm"/>
		</Unit>
		<Unit filename="/home/jc/Documents/INF443/Project/The_Human_and_the_Bird/third_party/lodepng/lodepng.cpp">
			<Option target="pgm"/>
		</Unit>
		<Unit filename="/home/jc/Documents/INF443/Project/The_Human_and_the_Bird/third_party/lodepng/lodepng.h">
			<Option target="pgm"/>
		</Unit>
		<Unit filename="/home/jc/Documents/INF443/Project/The_Human_and_the_Bird/third_party/simplexnoise/simplexnoise1234.cpp">
			<Option target="pgm"/>
		</Unit>
		<Unit filename="/home/jc/Documents/INF443/Project/The_Human_and_the_Bird/third_party/simplexnoise/simplexnoise1234.hpp">
			<Option target="pgm"/>
		</Unit>
		<Unit filename="/home/jc/Documents/INF443/Project/The_Human_and_the_Bird/vcl/base/base.hpp">
			<Option target="pgm"/>
		</Unit>
		<Unit filename="/home/jc/Documents/INF443/Project/The_Human_and_the_Bird/vcl/base/basic_types/basic_types.cpp">
			<Option target="pgm"/>
		</Unit>
		<Unit filename="/home/jc/Documents/INF443/Project/The_Human_and_the_Bird/vcl/base/basic_types/basic_types.hpp">
			<Option target="pgm"/>
		</Unit>
		<Unit filename="/home/jc/Documents/INF443/Project/The_Human_and_the_Bird/vcl/base/error/error.cpp">
			<Option target="pgm"/>
		</Unit>
		<Unit filename="/home/jc/Documents/INF443/Project/The_Human_and_the_Bird/vcl/base/error/error.hpp">
			<Option target="pgm"/>
		</Unit>
		<Unit filename="/home/jc/Documents/INF443/Project/The_Human_and_the_Bird/vcl/base/file/file.cpp">
			<Option target="pgm"/>
		</Unit>
		<Unit filename="/home/jc/Documents/INF443/Project/The_Human_and_the_Bird/vcl/base/file/file.hpp">
			<Option target="pgm"/>
		</Unit>
		<Unit filename="/home/jc/Documents/INF443/Project/The_Human_and_the_Bird/vcl/base/rand/rand.cpp">
			<Option target="pgm"/>
		</Unit>
		<Unit filename="/home/jc/Documents/INF443/Project/The_Human_and_the_Bird/vcl/base/rand/rand.hpp">
			<Option target="pgm"/>
		</Unit>
		<Unit filename="/home/jc/Documents/INF443/Project/The_Human_and_the_Bird/vcl/base/stl/stl.hpp">
			<Option target="pgm"/>
		</Unit>
		<Unit filename="/home/jc/Documents/INF443/Project/The_Human_and_the_Bird/vcl/base/string/string.cpp">
			<Option target="pgm"/>
		</Unit>
		<Unit filename="/home/jc/Documents/INF443/Project/The_Human_and_the_Bird/vcl/base/string/string.hpp">
			<Option target="pgm"/>
		</Unit>
		<Unit filename="/home/jc/Documents/INF443/Project/The_Human_and_the_Bird/vcl/base/types/types.hpp">
			<Option target="pgm"/>
		</Unit>
		<Unit filename="/home/jc/Documents/INF443/Project/The_Human_and_the_Bird/vcl/containers/buffer/buffer.hpp">
			<Option target="pgm"/>
		</Unit>
		<Unit filename="/home/jc/Documents/INF443/Project/The_Human_and_the_Bird/vcl/containers/buffer/buffer/buffer.hpp">
			<Option target="pgm"/>
		</Unit>
		<Unit filename="/home/jc/Documents/INF443/Project/The_Human_and_the_Bird/vcl/containers/buffer/buffer2D/buffer2D.hpp">
			<Option target="pgm"/>
		</Unit>
		<Unit filename="/home/jc/Documents/INF443/Project/The_Human_and_the_Bird/vcl/containers/buffer/buffer3D/buffer3D.hpp">
			<Option target="pgm"/>
		</Unit>
		<Unit filename="/home/jc/Documents/INF443/Project/The_Human_and_the_Bird/vcl/containers/buffer_stack/buffer_stack.hpp">
			<Option target="pgm"/>
		</Unit>
		<Unit filename="/home/jc/Documents/INF443/Project/The_Human_and_the_Bird/vcl/containers/containers.hpp">
			<Option target="pgm"/>
		</Unit>
		<Unit filename="/home/jc/Documents/INF443/Project/The_Human_and_the_Bird/vcl/interaction/camera/camera.cpp">
			<Option target="pgm"/>
		</Unit>
		<Unit filename="/home/jc/Documents/INF443/Project/The_Human_and_the_Bird/vcl/interaction/camera/camera.hpp">
			<Option target="pgm"/>
		</Unit>
		<Unit filename="/home/jc/Documents/INF443/Project/The_Human_and_the_Bird/vcl/interaction/camera_control_glfw/camera_control_glfw.cpp">
			<Option target="pgm"/>
		</Unit>
		<Unit filename="/home/jc/Documents/INF443/Project/The_Human_and_the_Bird/vcl/interaction/camera_control_glfw/camera_control_glfw.hpp">
			<Option target="pgm"/>
		</Unit>
		<Unit filename="/home/jc/Documents/INF443/Project/The_Human_and_the_Bird/vcl/interaction/interaction.hpp">
			<Option target="pgm"/>
		</Unit>
		<Unit filename="/home/jc/Documents/INF443/Project/The_Human_and_the_Bird/vcl/interaction/picking/info/picking_info.cpp">
			<Option target="pgm"/>
		</Unit>
		<Unit filename="/home/jc/Documents/INF443/Project/The_Human_and_the_Bird/vcl/interaction/picking/info/picking_info.hpp">
			<Option target="pgm"/>
		</Unit>
		<Unit filename="/home/jc/Documents/INF443/Project/The_Human_and_the_Bird/vcl/interaction/picking/picking.hpp">
			<Option target="pgm"/>
		</Unit>
		<Unit filename="/home/jc/Documents/INF443/Project/The_Human_and_the_Bird/vcl/interaction/picking/primitives/picking_primitives.cpp">
			<Option target="pgm"/>
		</Unit>
		<Unit filename="/home/jc/Documents/INF443/Project/The_Human_and_the_Bird/vcl/interaction/picking/primitives/picking_primitives.hpp">
			<Option target="pgm"/>
		</Unit>
		<Unit filename="/home/jc/Documents/INF443/Project/The_Human_and_the_Bird/vcl/interaction/picking/ray/picking_ray.cpp">
			<Option target="pgm"/>
		</Unit>
		<Unit filename="/home/jc/Documents/INF443/Project/The_Human_and_the_Bird/vcl/interaction/picking/ray/picking_ray.hpp">
			<Option target="pgm"/>
		</Unit>
		<Unit filename="/home/jc/Documents/INF443/Project/The_Human_and_the_Bird/vcl/interaction/screen_motion/screen_motion.cpp">
			<Option target="pgm"/>
		</Unit>
		<Unit filename="/home/jc/Documents/INF443/Project/The_Human_and_the_Bird/vcl/interaction/screen_motion/screen_motion.hpp">
			<Option target="pgm"/>
		</Unit>
		<Unit filename="/home/jc/Documents/INF443/Project/The_Human_and_the_Bird/vcl/interaction/time_period/time_period.cpp">
			<Option target="pgm"/>
		</Unit>
		<Unit filename="/home/jc/Documents/INF443/Project/The_Human_and_the_Bird/vcl/interaction/time_period/time_period.hpp">
			<Option target="pgm"/>
		</Unit>
		<Unit filename="/home/jc/Documents/INF443/Project/The_Human_and_the_Bird/vcl/interaction/time_slider/time_slider.cpp">
			<Option target="pgm"/>
		</Unit>
		<Unit filename="/home/jc/Documents/INF443/Project/The_Human_and_the_Bird/vcl/interaction/time_slider/time_slider.hpp">
			<Option target="pgm"/>
		</Unit>
		<Unit filename="/home/jc/Documents/INF443/Project/The_Human_and_the_Bird/vcl/math/helper_functions/helper_functions.hpp">
			<Option target="pgm"/>
		</Unit>
		<Unit filename="/home/jc/Documents/INF443/Project/The_Human_and_the_Bird/vcl/math/helper_functions/linspace/linspace.cpp">
			<Option target="pgm"/>
		</Unit>
		<Unit filename="/home/jc/Documents/INF443/Project/The_Human_and_the_Bird/vcl/math/helper_functions/linspace/linspace.hpp">
			<Option target="pgm"/>
		</Unit>
		<Unit filename="/home/jc/Documents/INF443/Project/The_Human_and_the_Bird/vcl/math/helper_functions/norm/norm.cpp">
			<Option target="pgm"/>
		</Unit>
		<Unit filename="/home/jc/Documents/INF443/Project/The_Human_and_the_Bird/vcl/math/helper_functions/norm/norm.hpp">
			<Option target="pgm"/>
		</Unit>
		<Unit filename="/home/jc/Documents/INF443/Project/The_Human_and_the_Bird/vcl/math/mat/mat.hpp">
			<Option target="pgm"/>
		</Unit>
		<Unit filename="/home/jc/Documents/INF443/Project/The_Human_and_the_Bird/vcl/math/mat/mat/mat.hpp">
			<Option target="pgm"/>
		</Unit>
		<Unit filename="/home/jc/Documents/INF443/Project/The_Human_and_the_Bird/vcl/math/mat/mat2/mat2.cpp">
			<Option target="pgm"/>
		</Unit>
		<Unit filename="/home/jc/Documents/INF443/Project/The_Human_and_the_Bird/vcl/math/mat/mat2/mat2.hpp">
			<Option target="pgm"/>
		</Unit>
		<Unit filename="/home/jc/Documents/INF443/Project/The_Human_and_the_Bird/vcl/math/mat/mat3/mat3.cpp">
			<Option target="pgm"/>
		</Unit>
		<Unit filename="/home/jc/Documents/INF443/Project/The_Human_and_the_Bird/vcl/math/mat/mat3/mat3.hpp">
			<Option target="pgm"/>
		</Unit>
		<Unit filename="/home/jc/Documents/INF443/Project/The_Human_and_the_Bird/vcl/math/mat/mat4/mat4.cpp">
			<Option target="pgm"/>
		</Unit>
		<Unit filename="/home/jc/Documents/INF443/Project/The_Human_and_the_Bird/vcl/math/mat/mat4/mat4.hpp">
			<Option target="pgm"/>
		</Unit>
		<Unit filename="/home/jc/Documents/INF443/Project/The_Human_and_the_Bird/vcl/math/math.hpp">
			<Option target="pgm"/>
		</Unit>
		<Unit filename="/home/jc/Documents/INF443/Project/The_Human_and_the_Bird/vcl/math/transformation/affine_transform/affine_transform.cpp">
			<Option target="pgm"/>
		</Unit>
		<Unit filename="/home/jc/Documents/INF443/Project/The_Human_and_the_Bird/vcl/math/transformation/affine_transform/affine_transform.hpp">
			<Option target="pgm"/>
		</Unit>
		<Unit filename="/home/jc/Documents/INF443/Project/The_Human_and_the_Bird/vcl/math/transformation/special_transform/special_transform.cpp">
			<Option target="pgm"/>
		</Unit>
		<Unit filename="/home/jc/Documents/INF443/Project/The_Human_and_the_Bird/vcl/math/transformation/special_transform/special_transform.hpp">
			<Option target="pgm"/>
		</Unit>
		<Unit filename="/home/jc/Documents/INF443/Project/The_Human_and_the_Bird/vcl/math/transformation/transformation.hpp">
			<Option target="pgm"/>
		</Unit>
		<Unit filename="/home/jc/Documents/INF443/Project/The_Human_and_the_Bird/vcl/math/vec/vec.hpp">
			<Option target="pgm"/>
		</Unit>
		<Unit filename="/home/jc/Documents/INF443/Project/The_Human_and_the_Bird/vcl/math/vec/vec/vec.hpp">
			<Option target="pgm"/>
		</Unit>
		<Unit filename="/home/jc/Documents/INF443/Project/The_Human_and_the_Bird/vcl/math/vec/vec2/vec2.cpp">
			<Option target="pgm"/>
		</Unit>
		<Unit filename="/home/jc/Documents/INF443/Project/The_Human_and_the_Bird/vcl/math/vec/vec2/vec2.hpp">
			<Option target="pgm"/>
		</Unit>
		<Unit filename="/home/jc/Documents/INF443/Project/The_Human_and_the_Bird/vcl/math/vec/vec3/vec3.cpp">
			<Option target="pgm"/>
		</Unit>
		<Unit filename="/home/jc/Documents/INF443/Project/The_Human_and_the_Bird/vcl/math/vec/vec3/vec3.hpp">
			<Option target="pgm"/>
		</Unit>
		<Unit filename="/home/jc/Documents/INF443/Project/The_Human_and_the_Bird/vcl/math/vec/vec4/vec4.cpp">
			<Option target="pgm"/>
		</Unit>
		<Unit filename="/home/jc/Documents/INF443/Project/The_Human_and_the_Bird/vcl/math/vec/vec4/vec4.hpp">
			<Option target="pgm"/>
		</Unit>
		<Unit filename="/home/jc/Documents/INF443/Project/The_Human_and_the_Bird/vcl/opengl/debug/opengl_debug.cpp">
			<Option target="pgm"/>
		</Unit>
		<Unit filename="/home/jc/Documents/INF443/Project/The_Human_and_the_Bird/vcl/opengl/debug/opengl_debug.hpp">
			<Option target="pgm"/>
		</Unit>
		<Unit filename="/home/jc/Documents/INF443/Project/The_Human_and_the_Bird/vcl/opengl/opengl.hpp">
			<Option target="pgm"/>
		</Unit>
		<Unit filename="/home/jc/Documents/INF443/Project/The_Human_and_the_Bird/vcl/opengl/shader/shader.cpp">
			<Option target="pgm"/>
		</Unit>
		<Unit filename="/home/jc/Documents/INF443/Project/The_Human_and_the_Bird/vcl/opengl/shader/shader.hpp">
			<Option target="pgm"/>
		</Unit>
		<Unit filename="/home/jc/Documents/INF443/Project/The_Human_and_the_Bird/vcl/opengl/texture/image/image.cpp">
			<Option target="pgm"/>
		</Unit>
		<Unit filename="/home/jc/Documents/INF443/Project/The_Human_and_the_Bird/vcl/opengl/texture/image/image.hpp">
			<Option target="pgm"/>
		</Unit>
		<Unit filename="/home/jc/Documents/INF443/Project/The_Human_and_the_Bird/vcl/opengl/texture/texture.hpp">
			<Option target="pgm"/>
		</Unit>
		<Unit filename="/home/jc/Documents/INF443/Project/The_Human_and_the_Bird/vcl/opengl/texture/texture_gpu/texture_gpu.cpp">
			<Option target="pgm"/>
		</Unit>
		<Unit filename="/home/jc/Documents/INF443/Project/The_Human_and_the_Bird/vcl/opengl/texture/texture_gpu/texture_gpu.hpp">
			<Option target="pgm"/>
		</Unit>
		<Unit filename="/home/jc/Documents/INF443/Project/The_Human_and_the_Bird/vcl/opengl/uniform/uniform.cpp">
			<Option target="pgm"/>
		</Unit>
		<Unit filename="/home/jc/Documents/INF443/Project/The_Human_and_the_Bird/vcl/opengl/uniform/uniform.hpp">
			<Option target="pgm"/>
		</Unit>
		<Unit filename="/home/jc/Documents/INF443/Project/The_Human_and_the_Bird/vcl/shape/curve/curve.hpp">
			<Option target="pgm"/>
		</Unit>
		<Unit filename="/home/jc/Documents/INF443/Project/The_Human_and_the_Bird/vcl/shape/curve/curve_drawable/curve_drawable.cpp">
			<Option target="pgm"/>
		</Unit>
		<Unit filename="/home/jc/Documents/INF443/Project/The_Human_and_the_Bird/vcl/shape/curve/curve_drawable/curve_drawable.hpp">
			<Option target="pgm"/>
		</Unit>
		<Unit filename="/home/jc/Documents/INF443/Project/The_Human_and_the_Bird/vcl/shape/curve/curve_drawable/curve_drawable_uniform/curve_drawable_uniform.hpp">
			<Option target="pgm"/>
		</Unit>
		<Unit filename="/home/jc/Documents/INF443/Project/The_Human_and_the_Bird/vcl/shape/curve/curve_dynamic_drawable/curve_dynamic_drawable.cpp">
			<Option target="pgm"/>
		</Unit>
		<Unit filename="/home/jc/Documents/INF443/Project/The_Human_and_the_Bird/vcl/shape/curve/curve_dynamic_drawable/curve_dynamic_drawable.hpp">
			<Option target="pgm"/>
		</Unit>
		<Unit filename="/home/jc/Documents/INF443/Project/The_Human_and_the_Bird/vcl/shape/curve/curve_gpu/curve_gpu.cpp">
			<Option target="pgm"/>
		</Unit>
		<Unit filename="/home/jc/Documents/INF443/Project/The_Human_and_the_Bird/vcl/shape/curve/curve_gpu/curve_gpu.hpp">
			<Option target="pgm"/>
		</Unit>
		<Unit filename="/home/jc/Documents/INF443/Project/The_Human_and_the_Bird/vcl/shape/curve/curve_primitive/curve_primitive.cpp">
			<Option target="pgm"/>
		</Unit>
		<Unit filename="/home/jc/Documents/INF443/Project/The_Human_and_the_Bird/vcl/shape/curve/curve_primitive/curve_primitive.hpp">
			<Option target="pgm"/>
		</Unit>
		<Unit filename="/home/jc/Documents/INF443/Project/The_Human_and_the_Bird/vcl/shape/hierarchy_mesh/hierarchy_mesh.hpp">
			<Option target="pgm"/>
		</Unit>
		<Unit filename="/home/jc/Documents/INF443/Project/The_Human_and_the_Bird/vcl/shape/hierarchy_mesh/hierarchy_mesh_drawable/hierarchy_mesh_drawable.cpp">
			<Option target="pgm"/>
		</Unit>
		<Unit filename="/home/jc/Documents/INF443/Project/The_Human_and_the_Bird/vcl/shape/hierarchy_mesh/hierarchy_mesh_drawable/hierarchy_mesh_drawable.hpp">
			<Option target="pgm"/>
		</Unit>
		<Unit filename="/home/jc/Documents/INF443/Project/The_Human_and_the_Bird/vcl/shape/hierarchy_mesh/hierarchy_mesh_drawable/hierarchy_mesh_drawable_display_skeleton/hierarchy_mesh_drawable_display_skeleton.cpp">
			<Option target="pgm"/>
		</Unit>
		<Unit filename="/home/jc/Documents/INF443/Project/The_Human_and_the_Bird/vcl/shape/hierarchy_mesh/hierarchy_mesh_drawable/hierarchy_mesh_drawable_display_skeleton/hierarchy_mesh_drawable_display_skeleton.hpp">
			<Option target="pgm"/>
		</Unit>
		<Unit filename="/home/jc/Documents/INF443/Project/The_Human_and_the_Bird/vcl/shape/hierarchy_mesh/hierarchy_mesh_drawable/hierarchy_mesh_drawable_node/hierarchy_mesh_drawable_node.cpp">
			<Option target="pgm"/>
		</Unit>
		<Unit filename="/home/jc/Documents/INF443/Project/The_Human_and_the_Bird/vcl/shape/hierarchy_mesh/hierarchy_mesh_drawable/hierarchy_mesh_drawable_node/hierarchy_mesh_drawable_node.hpp">
			<Option target="pgm"/>
		</Unit>
		<Unit filename="/home/jc/Documents/INF443/Project/The_Human_and_the_Bird/vcl/shape/mesh/mesh.hpp">
			<Option target="pgm"/>
		</Unit>
		<Unit filename="/home/jc/Documents/INF443/Project/The_Human_and_the_Bird/vcl/shape/mesh/mesh_drawable/mesh_drawable.cpp">
			<Option target="pgm"/>
		</Unit>
		<Unit filename="/home/jc/Documents/INF443/Project/The_Human_and_the_Bird/vcl/shape/mesh/mesh_drawable/mesh_drawable.hpp">
			<Option target="pgm"/>
		</Unit>
		<Unit filename="/home/jc/Documents/INF443/Project/The_Human_and_the_Bird/vcl/shape/mesh/mesh_drawable/mesh_drawable_gpu_data/mesh_drawable_gpu_data.cpp">
			<Option target="pgm"/>
		</Unit>
		<Unit filename="/home/jc/Documents/INF443/Project/The_Human_and_the_Bird/vcl/shape/mesh/mesh_drawable/mesh_drawable_gpu_data/mesh_drawable_gpu_data.hpp">
			<Option target="pgm"/>
		</Unit>
		<Unit filename="/home/jc/Documents/INF443/Project/The_Human_and_the_Bird/vcl/shape/mesh/mesh_drawable/mesh_drawable_uniform/mesh_drawable_uniform.cpp">
			<Option target="pgm"/>
		</Unit>
		<Unit filename="/home/jc/Documents/INF443/Project/The_Human_and_the_Bird/vcl/shape/mesh/mesh_drawable/mesh_drawable_uniform/mesh_drawable_uniform.hpp">
			<Option target="pgm"/>
		</Unit>
		<Unit filename="/home/jc/Documents/INF443/Project/The_Human_and_the_Bird/vcl/shape/mesh/mesh_loader/mesh_loader.hpp">
			<Option target="pgm"/>
		</Unit>
		<Unit filename="/home/jc/Documents/INF443/Project/The_Human_and_the_Bird/vcl/shape/mesh/mesh_loader/obj/obj.cpp">
			<Option target="pgm"/>
		</Unit>
		<Unit filename="/home/jc/Documents/INF443/Project/The_Human_and_the_Bird/vcl/shape/mesh/mesh_loader/obj/obj.hpp">
			<Option target="pgm"/>
		</Unit>
		<Unit filename="/home/jc/Documents/INF443/Project/The_Human_and_the_Bird/vcl/shape/mesh/mesh_primitive/mesh_primitive.cpp">
			<Option target="pgm"/>
		</Unit>
		<Unit filename="/home/jc/Documents/INF443/Project/The_Human_and_the_Bird/vcl/shape/mesh/mesh_primitive/mesh_primitive.hpp">
			<Option target="pgm"/>
		</Unit>
		<Unit filename="/home/jc/Documents/INF443/Project/The_Human_and_the_Bird/vcl/shape/mesh/mesh_structure/mesh.cpp">
			<Option target="pgm"/>
		</Unit>
		<Unit filename="/home/jc/Documents/INF443/Project/The_Human_and_the_Bird/vcl/shape/mesh/mesh_structure/mesh.hpp">
			<Option target="pgm"/>
		</Unit>
		<Unit filename="/home/jc/Documents/INF443/Project/The_Human_and_the_Bird/vcl/shape/segment/segment.hpp">
			<Option target="pgm"/>
		</Unit>
		<Unit filename="/home/jc/Documents/INF443/Project/The_Human_and_the_Bird/vcl/shape/segment/segment_drawable_immediate_mode/segment_drawable_immediate_mode.cpp">
			<Option target="pgm"/>
		</Unit>
		<Unit filename="/home/jc/Documents/INF443/Project/The_Human_and_the_Bird/vcl/shape/segment/segment_drawable_immediate_mode/segment_drawable_immediate_mode.hpp">
			<Option target="pgm"/>
		</Unit>
		<Unit filename="/home/jc/Documents/INF443/Project/The_Human_and_the_Bird/vcl/shape/segment/segments_drawable/segments_drawable.cpp">
			<Option target="pgm"/>
		</Unit>
		<Unit filename="/home/jc/Documents/INF443/Project/The_Human_and_the_Bird/vcl/shape/segment/segments_drawable/segments_drawable.hpp">
			<Option target="pgm"/>
		</Unit>
		<Unit filename="/home/jc/Documents/INF443/Project/The_Human_and_the_Bird/vcl/shape/segment/segments_drawable/segments_drawable_uniform/segments_drawable_uniform.cpp">
			<Option target="pgm"/>
		</Unit>
		<Unit filename="/home/jc/Documents/INF443/Project/The_Human_and_the_Bird/vcl/shape/segment/segments_drawable/segments_drawable_uniform/segments_drawable_uniform.hpp">
			<Option target="pgm"/>
		</Unit>
		<Unit filename="/home/jc/Documents/INF443/Project/The_Human_and_the_Bird/vcl/shape/segment/segments_gpu/segments_gpu.cpp">
			<Option target="pgm"/>
		</Unit>
		<Unit filename="/home/jc/Documents/INF443/Project/The_Human_and_the_Bird/vcl/shape/segment/segments_gpu/segments_gpu.hpp">
			<Option target="pgm"/>
		</Unit>
		<Unit filename="/home/jc/Documents/INF443/Project/The_Human_and_the_Bird/vcl/shape/shape.hpp">
			<Option target="pgm"/>
		</Unit>
		<Unit filename="/home/jc/Documents/INF443/Project/The_Human_and_the_Bird/vcl/vcl.hpp">
			<Option target="pgm"/>
		</Unit>
		<Unit filename="/home/jc/Documents/INF443/Project/The_Human_and_the_Bird/vcl/wrapper/glad/glad.hpp">
			<Option target="pgm"/>
		</Unit>
		<Unit filename="/home/jc/Documents/INF443/Project/The_Human_and_the_Bird/vcl/wrapper/glfw/events/events.cpp">
			<Option target="pgm"/>
		</Unit>
		<Unit filename="/home/jc/Documents/INF443/Project/The_Human_and_the_Bird/vcl/wrapper/glfw/events/events.hpp">
			<Option target="pgm"/>
		</Unit>
		<Unit filename="/home/jc/Documents/INF443/Project/The_Human_and_the_Bird/vcl/wrapper/glfw/fps_counter/fps_counter.cpp">
			<Option target="pgm"/>
		</Unit>
		<Unit filename="/home/jc/Documents/INF443/Project/The_Human_and_the_Bird/vcl/wrapper/glfw/fps_counter/fps_counter.hpp">
			<Option target="pgm"/>
		</Unit>
		<Unit filename="/home/jc/Documents/INF443/Project/The_Human_and_the_Bird/vcl/wrapper/glfw/glfw.hpp">
			<Option target="pgm"/>
		</Unit>
		<Unit filename="/home/jc/Documents/INF443/Project/The_Human_and_the_Bird/vcl/wrapper/glfw/window/window.cpp">
			<Option target="pgm"/>
		</Unit>
		<Unit filename="/home/jc/Documents/INF443/Project/The_Human_and_the_Bird/vcl/wrapper/glfw/window/window.hpp">
			<Option target="pgm"/>
		</Unit>
		<Unit filename="/home/jc/Documents/INF443/Project/The_Human_and_the_Bird/vcl/wrapper/imgui/imgui.cpp">
			<Option target="pgm"/>
		</Unit>
		<Unit filename="/home/jc/Documents/INF443/Project/The_Human_and_the_Bird/vcl/wrapper/imgui/imgui.hpp">
			<Option target="pgm"/>
		</Unit>
		<Unit filename="/home/jc/Documents/INF443/Project/The_Human_and_the_Bird/vcl/wrapper/lodepng/lodepng.cpp">
			<Option target="pgm"/>
		</Unit>
		<Unit filename="/home/jc/Documents/INF443/Project/The_Human_and_the_Bird/vcl/wrapper/lodepng/lodepng.hpp">
			<Option target="pgm"/>
		</Unit>
		<Unit filename="/home/jc/Documents/INF443/Project/The_Human_and_the_Bird/vcl/wrapper/perlin/perlin.cpp">
			<Option target="pgm"/>
		</Unit>
		<Unit filename="/home/jc/Documents/INF443/Project/The_Human_and_the_Bird/vcl/wrapper/perlin/perlin.hpp">
			<Option target="pgm"/>
		</Unit>
		<Unit filename="/home/jc/Documents/INF443/Project/The_Human_and_the_Bird/vcl/wrapper/wrapper.hpp">
			<Option target="pgm"/>
		</Unit>
		<Unit filename="/home/jc/Documents/INF443/Project/The_Human_and_the_Bird/CMakeLists.txt">
			<Option virtualFolder="CMake Files\"/>
		</Unit>
		<Unit filename="/home/jc/Documents/INF443/Project/The_Human_and_the_Bird/../../../../../../usr/lib/x86_64-linux-gnu/cmake/glfw3/glfw3Config.cmake">
			<Option virtualFolder="CMake Files\..\..\..\..\..\..\usr\lib\x86_64-linux-gnu\cmake\glfw3\"/>
		</Unit>
		<Unit filename="/home/jc/Documents/INF443/Project/The_Human_and_the_Bird/../../../../../../usr/lib/x86_64-linux-gnu/cmake/glfw3/glfw3ConfigVersion.cmake">
			<Option virtualFolder="CMake Files\..\..\..\..\..\..\usr\lib\x86_64-linux-gnu\cmake\glfw3\"/>
		</Unit>
		<Unit filename="/home/jc/Documents/INF443/Project/The_Human_and_the_Bird/../../../../../../usr/lib/x86_64-linux-gnu/cmake/glfw3/glfw3Targets-none.cmake">
			<Option virtualFolder="CMake Files\..\..\..\..\..\..\usr\lib\x86_64-linux-gnu\cmake\glfw3\"/>
		</Unit>
		<Unit filename="/home/jc/Documents/INF443/Project/The_Human_and_the_Bird/../../../../../../usr/lib/x86_64-linux-gnu/cmake/glfw3/glfw3Targets.cmake">
			<Option virtualFolder="CMake Files\..\..\..\..\..\..\usr\lib\x86_64-linux-gnu\cmake\glfw3\"/>
		</Unit>
	</Project>
</CodeBlocks_project_file>
